// !$*UTF8*$!
{
	archiveVersion = 1;
	classes = {
	};
	objectVersion = 77;
	objects = {

/* Begin PBXBuildFile section */
		133BD3A42F0250FD0081CDF8 /* CustomAlertBtn.swift in Sources */ = {isa = PBXBuildFile; fileRef = 133BD3A32F0250F90081CDF8 /* CustomAlertBtn.swift */; };
		133BD3A62F0252E40081CDF8 /* CustomAlertBtnStyle.swift in Sources */ = {isa = PBXBuildFile; fileRef = 133BD3A52F0252DF0081CDF8 /* CustomAlertBtnStyle.swift */; };
		133BD3A82F0252F10081CDF8 /* CustomAlertBtnModel.swift in Sources */ = {isa = PBXBuildFile; fileRef = 133BD3A72F0252EC0081CDF8 /* CustomAlertBtnModel.swift */; };
		133BD3AA2F025D350081CDF8 /* CustomAlertModifier.swift in Sources */ = {isa = PBXBuildFile; fileRef = 133BD3A92F025D310081CDF8 /* CustomAlertModifier.swift */; };
		133BD3AD2F025D9F0081CDF8 /* Alert+Extensions.swift in Sources */ = {isa = PBXBuildFile; fileRef = 133BD3AC2F025D970081CDF8 /* Alert+Extensions.swift */; };
		133BD3AF2F025E760081CDF8 /* CustomAlertParams.swift in Sources */ = {isa = PBXBuildFile; fileRef = 133BD3AE2F025E700081CDF8 /* CustomAlertParams.swift */; };
		133BD3B12F025E9B0081CDF8 /* CustomAlert.swift in Sources */ = {isa = PBXBuildFile; fileRef = 133BD3B02F025E9B0081CDF8 /* CustomAlert.swift */; };
		133BD3B42F02A1460081CDF8 /* FocusCompletedBottomSheet.swift in Sources */ = {isa = PBXBuildFile; fileRef = 133BD3B32F02A1460081CDF8 /* FocusCompletedBottomSheet.swift */; };
		133BD3B62F02A5250081CDF8 /* FocusCompletedFeature.swift in Sources */ = {isa = PBXBuildFile; fileRef = 133BD3B52F02A51E0081CDF8 /* FocusCompletedFeature.swift */; };
		133BD3B92F02C5DE0081CDF8 /* LogHomeView.swift in Sources */ = {isa = PBXBuildFile; fileRef = 133BD3B82F02C5DE0081CDF8 /* LogHomeView.swift */; };
		133BD3BD2F02CFBD0081CDF8 /* LogText.swift in Sources */ = {isa = PBXBuildFile; fileRef = 133BD3BC2F02CFBA0081CDF8 /* LogText.swift */; };
		133BD3C22F02D12D0081CDF8 /* SettingView.swift in Sources */ = {isa = PBXBuildFile; fileRef = 133BD3C12F02D12D0081CDF8 /* SettingView.swift */; };
		133BD3C42F02D1400081CDF8 /* SettingFeature.swift in Sources */ = {isa = PBXBuildFile; fileRef = 133BD3C32F02D13D0081CDF8 /* SettingFeature.swift */; };
		133BD3C82F03A28E0081CDF8 /* AppConfigUseCase.swift in Sources */ = {isa = PBXBuildFile; fileRef = 133BD3C72F03A27F0081CDF8 /* AppConfigUseCase.swift */; };
		133BD3CB2F0403A50081CDF8 /* UserDefaults+Dependency.swift in Sources */ = {isa = PBXBuildFile; fileRef = 133BD3CA2F0403A00081CDF8 /* UserDefaults+Dependency.swift */; };
		133BD3D82F0411E00081CDF8 /* CombineMoya in Frameworks */ = {isa = PBXBuildFile; productRef = 133BD3D72F0411E00081CDF8 /* CombineMoya */; };
		133BD3DA2F0411E00081CDF8 /* Moya in Frameworks */ = {isa = PBXBuildFile; productRef = 133BD3D92F0411E00081CDF8 /* Moya */; };
		133BD3E62F04196C0081CDF8 /* APIError.swift in Sources */ = {isa = PBXBuildFile; fileRef = 133BD3DD2F04196C0081CDF8 /* APIError.swift */; };
		133BD3E72F04196C0081CDF8 /* ExampleTarget.swift in Sources */ = {isa = PBXBuildFile; fileRef = 133BD3E42F04196C0081CDF8 /* ExampleTarget.swift */; };
		133BD3E82F04196C0081CDF8 /* BaseTarget.swift in Sources */ = {isa = PBXBuildFile; fileRef = 133BD3E02F04196C0081CDF8 /* BaseTarget.swift */; };
		133BD3E92F04196C0081CDF8 /* APIResponse.swift in Sources */ = {isa = PBXBuildFile; fileRef = 133BD3DE2F04196C0081CDF8 /* APIResponse.swift */; };
		133BD3EA2F04196C0081CDF8 /* APIService.swift in Sources */ = {isa = PBXBuildFile; fileRef = 133BD3DF2F04196C0081CDF8 /* APIService.swift */; };
		133BD3EB2F04196C0081CDF8 /* NetworkPlugin.swift in Sources */ = {isa = PBXBuildFile; fileRef = 133BD3E12F04196C0081CDF8 /* NetworkPlugin.swift */; };
		133BD3EC2F04196C0081CDF8 /* README.md in Resources */ = {isa = PBXBuildFile; fileRef = 133BD3E32F04196C0081CDF8 /* README.md */; };
		134BFFA42EFD629700F1F444 /* BaseText.swift in Sources */ = {isa = PBXBuildFile; fileRef = 134BFFA32EFD629100F1F444 /* BaseText.swift */; };
		134BFFA82EFE33FD00F1F444 /* OnboardingTodoView.swift in Sources */ = {isa = PBXBuildFile; fileRef = 134BFFA72EFE33FD00F1F444 /* OnboardingTodoView.swift */; };
		134BFFAA2EFE857C00F1F444 /* OnboardingTimerView.swift in Sources */ = {isa = PBXBuildFile; fileRef = 134BFFA92EFE857C00F1F444 /* OnboardingTimerView.swift */; };
		134BFFAE2EFEBB0A00F1F444 /* TimerView.swift in Sources */ = {isa = PBXBuildFile; fileRef = 134BFFAD2EFEBB0A00F1F444 /* TimerView.swift */; };
		134BFFB02EFEBFAA00F1F444 /* TimerFeature.swift in Sources */ = {isa = PBXBuildFile; fileRef = 134BFFAF2EFEBFA700F1F444 /* TimerFeature.swift */; };
		134BFFB22F00EC6D00F1F444 /* OnboardingFinalView.swift in Sources */ = {isa = PBXBuildFile; fileRef = 134BFFB12F00EC6D00F1F444 /* OnboardingFinalView.swift */; };
		134BFFBD2F00F59800F1F444 /* MainView.swift in Sources */ = {isa = PBXBuildFile; fileRef = 134BFFBB2F00F59800F1F444 /* MainView.swift */; };
		134BFFBF2F00F59800F1F444 /* LogHomeFeature.swift in Sources */ = {isa = PBXBuildFile; fileRef = 134BFFB72F00F59800F1F444 /* LogHomeFeature.swift */; };
		134BFFC02F00F59800F1F444 /* FocusHomeFeature.swift in Sources */ = {isa = PBXBuildFile; fileRef = 134BFFB42F00F59800F1F444 /* FocusHomeFeature.swift */; };
		134BFFC12F00F59800F1F444 /* FocusHomeView.swift in Sources */ = {isa = PBXBuildFile; fileRef = 134BFFB52F00F59800F1F444 /* FocusHomeView.swift */; };
		134BFFC22F00F59800F1F444 /* MainFeature.swift in Sources */ = {isa = PBXBuildFile; fileRef = 134BFFBA2F00F59800F1F444 /* MainFeature.swift */; };
		134BFFC62F01074500F1F444 /* FocusGoal.swift in Sources */ = {isa = PBXBuildFile; fileRef = 134BFFC52F01073300F1F444 /* FocusGoal.swift */; };
		134BFFCB2F01314500F1F444 /* FocusText.swift in Sources */ = {isa = PBXBuildFile; fileRef = 134BFFCA2F01314200F1F444 /* FocusText.swift */; };
		134BFFCE2F014FD200F1F444 /* ExampleGoal.swift in Sources */ = {isa = PBXBuildFile; fileRef = 134BFFCD2F014FCA00F1F444 /* ExampleGoal.swift */; };
		134BFFD02F01502200F1F444 /* BasicTime.swift in Sources */ = {isa = PBXBuildFile; fileRef = 134BFFCF2F01501E00F1F444 /* BasicTime.swift */; };
		134BFFD42F01545300F1F444 /* CommonChip.swift in Sources */ = {isa = PBXBuildFile; fileRef = 134BFFD32F01545300F1F444 /* CommonChip.swift */; };
		134BFFD62F01593800F1F444 /* CommonChipStyle.swift in Sources */ = {isa = PBXBuildFile; fileRef = 134BFFD52F01593500F1F444 /* CommonChipStyle.swift */; };
		134BFFDC2F01796800F1F444 /* FocusDetailView.swift in Sources */ = {isa = PBXBuildFile; fileRef = 134BFFDB2F01796800F1F444 /* FocusDetailView.swift */; };
		134BFFE02F01796F00F1F444 /* FocusDetailFeature.swift in Sources */ = {isa = PBXBuildFile; fileRef = 134BFFDF2F01796C00F1F444 /* FocusDetailFeature.swift */; };
		134BFFE72F017E2D00F1F444 /* HapticUtils.swift in Sources */ = {isa = PBXBuildFile; fileRef = 134BFFE62F017E2B00F1F444 /* HapticUtils.swift */; };
		134BFFEA2F01974A00F1F444 /* AssetSystem.swift in Sources */ = {isa = PBXBuildFile; fileRef = 134BFFE92F01974500F1F444 /* AssetSystem.swift */; };
		13827A142F091688008FB39A /* DeviceDataSource.swift in Sources */ = {isa = PBXBuildFile; fileRef = 13827A132F091684008FB39A /* DeviceDataSource.swift */; };
		13827A162F09172E008FB39A /* AppRepository.swift in Sources */ = {isa = PBXBuildFile; fileRef = 13827A152F09172A008FB39A /* AppRepository.swift */; };
		13A74D292EE5CB8100C3BB48 /* Assets.xcassets in Resources */ = {isa = PBXBuildFile; fileRef = 13A74D252EE5CB8100C3BB48 /* Assets.xcassets */; };
		13A74D2B2EE5CB8100C3BB48 /* HyperFocusApp.swift in Sources */ = {isa = PBXBuildFile; fileRef = 13A74D272EE5CB8100C3BB48 /* HyperFocusApp.swift */; };
		13A74D302EE5CC4C00C3BB48 /* ComposableArchitecture in Frameworks */ = {isa = PBXBuildFile; productRef = 13A74D2F2EE5CC4C00C3BB48 /* ComposableArchitecture */; };
		13A74D372EE5CCFC00C3BB48 /* AppDelegate.swift in Sources */ = {isa = PBXBuildFile; fileRef = 13A74D362EE5CCFC00C3BB48 /* AppDelegate.swift */; };
		13A74D392EE5CD0E00C3BB48 /* SceneDelegate.swift in Sources */ = {isa = PBXBuildFile; fileRef = 13A74D382EE5CD0E00C3BB48 /* SceneDelegate.swift */; };
		13AB722B2F055D18006E3F70 /* Alamofire in Frameworks */ = {isa = PBXBuildFile; productRef = 13AB722A2F055D18006E3F70 /* Alamofire */; };
		13AC3F4F2EF6EB9200CEDC69 /* Typography.swift in Sources */ = {isa = PBXBuildFile; fileRef = 13AC3F4E2EF6EB8200CEDC69 /* Typography.swift */; };
		13AC3F592EF6F68B00CEDC69 /* SplashView.swift in Sources */ = {isa = PBXBuildFile; fileRef = 13AC3F582EF6F68B00CEDC69 /* SplashView.swift */; };
		13AC3F5E2EF6FDC100CEDC69 /* Launch Screen.storyboard in Resources */ = {isa = PBXBuildFile; fileRef = 13AC3F5D2EF6FDC100CEDC69 /* Launch Screen.storyboard */; };
		13AC3F632EF6FF1800CEDC69 /* ComingSoon-Regular.ttf in Resources */ = {isa = PBXBuildFile; fileRef = 13AC3F602EF6FF1800CEDC69 /* ComingSoon-Regular.ttf */; };
		13AC3F642EF6FF1800CEDC69 /* LICENSE.txt in Resources */ = {isa = PBXBuildFile; fileRef = 13AC3F612EF6FF1800CEDC69 /* LICENSE.txt */; };
		13AC3F662EF6FF4A00CEDC69 /* Font+Extensions.swift in Sources */ = {isa = PBXBuildFile; fileRef = 13AC3F652EF6FF3E00CEDC69 /* Font+Extensions.swift */; };
		13AC3F692EF702E200CEDC69 /* AmbientZStack.swift in Sources */ = {isa = PBXBuildFile; fileRef = 13AC3F682EF702D600CEDC69 /* AmbientZStack.swift */; };
		13AC3F6B2EF7030000CEDC69 /* Colors+Extensions.swift in Sources */ = {isa = PBXBuildFile; fileRef = 13AC3F6A2EF702FB00CEDC69 /* Colors+Extensions.swift */; };
		13AC3F6E2EF7048200CEDC69 /* AmbientStyleType.swift in Sources */ = {isa = PBXBuildFile; fileRef = 13AC3F6D2EF7047E00CEDC69 /* AmbientStyleType.swift */; };
		13AC3F712EF707F800CEDC69 /* OnboardingView.swift in Sources */ = {isa = PBXBuildFile; fileRef = 13AC3F702EF707F800CEDC69 /* OnboardingView.swift */; };
		13AC3F732EF7080500CEDC69 /* OnboardingFeature.swift in Sources */ = {isa = PBXBuildFile; fileRef = 13AC3F722EF7080500CEDC69 /* OnboardingFeature.swift */; };
		13AC3F752EF7080C00CEDC69 /* SplashFeature.swift in Sources */ = {isa = PBXBuildFile; fileRef = 13AC3F742EF7080A00CEDC69 /* SplashFeature.swift */; };
		13AC3F792EF7090400CEDC69 /* AppView.swift in Sources */ = {isa = PBXBuildFile; fileRef = 13AC3F772EF7090400CEDC69 /* AppView.swift */; };
		13AC3F7A2EF7090400CEDC69 /* AppFeature.swift in Sources */ = {isa = PBXBuildFile; fileRef = 13AC3F762EF7090400CEDC69 /* AppFeature.swift */; };
/* End PBXBuildFile section */

/* Begin PBXFileReference section */
		133BD3A32F0250F90081CDF8 /* CustomAlertBtn.swift */ = {isa = PBXFileReference; lastKnownFileType = sourcecode.swift; path = CustomAlertBtn.swift; sourceTree = "<group>"; };
		133BD3A52F0252DF0081CDF8 /* CustomAlertBtnStyle.swift */ = {isa = PBXFileReference; lastKnownFileType = sourcecode.swift; path = CustomAlertBtnStyle.swift; sourceTree = "<group>"; };
		133BD3A72F0252EC0081CDF8 /* CustomAlertBtnModel.swift */ = {isa = PBXFileReference; lastKnownFileType = sourcecode.swift; path = CustomAlertBtnModel.swift; sourceTree = "<group>"; };
		133BD3A92F025D310081CDF8 /* CustomAlertModifier.swift */ = {isa = PBXFileReference; lastKnownFileType = sourcecode.swift; path = CustomAlertModifier.swift; sourceTree = "<group>"; };
		133BD3AC2F025D970081CDF8 /* Alert+Extensions.swift */ = {isa = PBXFileReference; lastKnownFileType = sourcecode.swift; path = "Alert+Extensions.swift"; sourceTree = "<group>"; };
		133BD3AE2F025E700081CDF8 /* CustomAlertParams.swift */ = {isa = PBXFileReference; lastKnownFileType = sourcecode.swift; path = CustomAlertParams.swift; sourceTree = "<group>"; };
		133BD3B02F025E9B0081CDF8 /* CustomAlert.swift */ = {isa = PBXFileReference; lastKnownFileType = sourcecode.swift; path = CustomAlert.swift; sourceTree = "<group>"; };
		133BD3B32F02A1460081CDF8 /* FocusCompletedBottomSheet.swift */ = {isa = PBXFileReference; lastKnownFileType = sourcecode.swift; path = FocusCompletedBottomSheet.swift; sourceTree = "<group>"; };
		133BD3B52F02A51E0081CDF8 /* FocusCompletedFeature.swift */ = {isa = PBXFileReference; lastKnownFileType = sourcecode.swift; path = FocusCompletedFeature.swift; sourceTree = "<group>"; };
		133BD3B82F02C5DE0081CDF8 /* LogHomeView.swift */ = {isa = PBXFileReference; lastKnownFileType = sourcecode.swift; path = LogHomeView.swift; sourceTree = "<group>"; };
		133BD3BC2F02CFBA0081CDF8 /* LogText.swift */ = {isa = PBXFileReference; lastKnownFileType = sourcecode.swift; path = LogText.swift; sourceTree = "<group>"; };
		133BD3C12F02D12D0081CDF8 /* SettingView.swift */ = {isa = PBXFileReference; lastKnownFileType = sourcecode.swift; path = SettingView.swift; sourceTree = "<group>"; };
		133BD3C32F02D13D0081CDF8 /* SettingFeature.swift */ = {isa = PBXFileReference; lastKnownFileType = sourcecode.swift; path = SettingFeature.swift; sourceTree = "<group>"; };
		133BD3C72F03A27F0081CDF8 /* AppConfigUseCase.swift */ = {isa = PBXFileReference; lastKnownFileType = sourcecode.swift; path = AppConfigUseCase.swift; sourceTree = "<group>"; };
		133BD3CA2F0403A00081CDF8 /* UserDefaults+Dependency.swift */ = {isa = PBXFileReference; lastKnownFileType = sourcecode.swift; path = "UserDefaults+Dependency.swift"; sourceTree = "<group>"; };
		133BD3DD2F04196C0081CDF8 /* APIError.swift */ = {isa = PBXFileReference; lastKnownFileType = sourcecode.swift; path = APIError.swift; sourceTree = "<group>"; };
		133BD3DE2F04196C0081CDF8 /* APIResponse.swift */ = {isa = PBXFileReference; lastKnownFileType = sourcecode.swift; path = APIResponse.swift; sourceTree = "<group>"; };
		133BD3DF2F04196C0081CDF8 /* APIService.swift */ = {isa = PBXFileReference; lastKnownFileType = sourcecode.swift; path = APIService.swift; sourceTree = "<group>"; };
		133BD3E02F04196C0081CDF8 /* BaseTarget.swift */ = {isa = PBXFileReference; lastKnownFileType = sourcecode.swift; path = BaseTarget.swift; sourceTree = "<group>"; };
		133BD3E12F04196C0081CDF8 /* NetworkPlugin.swift */ = {isa = PBXFileReference; lastKnownFileType = sourcecode.swift; path = NetworkPlugin.swift; sourceTree = "<group>"; };
		133BD3E32F04196C0081CDF8 /* README.md */ = {isa = PBXFileReference; lastKnownFileType = net.daringfireball.markdown; path = README.md; sourceTree = "<group>"; };
		133BD3E42F04196C0081CDF8 /* ExampleTarget.swift */ = {isa = PBXFileReference; lastKnownFileType = sourcecode.swift; path = ExampleTarget.swift; sourceTree = "<group>"; };
		134BFFA32EFD629100F1F444 /* BaseText.swift */ = {isa = PBXFileReference; lastKnownFileType = sourcecode.swift; path = BaseText.swift; sourceTree = "<group>"; };
		134BFFA72EFE33FD00F1F444 /* OnboardingTodoView.swift */ = {isa = PBXFileReference; lastKnownFileType = sourcecode.swift; path = OnboardingTodoView.swift; sourceTree = "<group>"; };
		134BFFA92EFE857C00F1F444 /* OnboardingTimerView.swift */ = {isa = PBXFileReference; lastKnownFileType = sourcecode.swift; path = OnboardingTimerView.swift; sourceTree = "<group>"; };
		134BFFAD2EFEBB0A00F1F444 /* TimerView.swift */ = {isa = PBXFileReference; lastKnownFileType = sourcecode.swift; path = TimerView.swift; sourceTree = "<group>"; };
		134BFFAF2EFEBFA700F1F444 /* TimerFeature.swift */ = {isa = PBXFileReference; lastKnownFileType = sourcecode.swift; path = TimerFeature.swift; sourceTree = "<group>"; };
		134BFFB12F00EC6D00F1F444 /* OnboardingFinalView.swift */ = {isa = PBXFileReference; lastKnownFileType = sourcecode.swift; path = OnboardingFinalView.swift; sourceTree = "<group>"; };
		134BFFB42F00F59800F1F444 /* FocusHomeFeature.swift */ = {isa = PBXFileReference; lastKnownFileType = sourcecode.swift; path = FocusHomeFeature.swift; sourceTree = "<group>"; };
		134BFFB52F00F59800F1F444 /* FocusHomeView.swift */ = {isa = PBXFileReference; lastKnownFileType = sourcecode.swift; path = FocusHomeView.swift; sourceTree = "<group>"; };
		134BFFB72F00F59800F1F444 /* LogHomeFeature.swift */ = {isa = PBXFileReference; lastKnownFileType = sourcecode.swift; path = LogHomeFeature.swift; sourceTree = "<group>"; };
		134BFFBA2F00F59800F1F444 /* MainFeature.swift */ = {isa = PBXFileReference; lastKnownFileType = sourcecode.swift; path = MainFeature.swift; sourceTree = "<group>"; };
		134BFFBB2F00F59800F1F444 /* MainView.swift */ = {isa = PBXFileReference; lastKnownFileType = sourcecode.swift; path = MainView.swift; sourceTree = "<group>"; };
		134BFFC52F01073300F1F444 /* FocusGoal.swift */ = {isa = PBXFileReference; lastKnownFileType = sourcecode.swift; path = FocusGoal.swift; sourceTree = "<group>"; };
		134BFFCA2F01314200F1F444 /* FocusText.swift */ = {isa = PBXFileReference; lastKnownFileType = sourcecode.swift; path = FocusText.swift; sourceTree = "<group>"; };
		134BFFCD2F014FCA00F1F444 /* ExampleGoal.swift */ = {isa = PBXFileReference; lastKnownFileType = sourcecode.swift; path = ExampleGoal.swift; sourceTree = "<group>"; };
		134BFFCF2F01501E00F1F444 /* BasicTime.swift */ = {isa = PBXFileReference; lastKnownFileType = sourcecode.swift; path = BasicTime.swift; sourceTree = "<group>"; };
		134BFFD32F01545300F1F444 /* CommonChip.swift */ = {isa = PBXFileReference; lastKnownFileType = sourcecode.swift; path = CommonChip.swift; sourceTree = "<group>"; };
		134BFFD52F01593500F1F444 /* CommonChipStyle.swift */ = {isa = PBXFileReference; lastKnownFileType = sourcecode.swift; path = CommonChipStyle.swift; sourceTree = "<group>"; };
		134BFFDB2F01796800F1F444 /* FocusDetailView.swift */ = {isa = PBXFileReference; lastKnownFileType = sourcecode.swift; path = FocusDetailView.swift; sourceTree = "<group>"; };
		134BFFDF2F01796C00F1F444 /* FocusDetailFeature.swift */ = {isa = PBXFileReference; lastKnownFileType = sourcecode.swift; path = FocusDetailFeature.swift; sourceTree = "<group>"; };
		134BFFE62F017E2B00F1F444 /* HapticUtils.swift */ = {isa = PBXFileReference; lastKnownFileType = sourcecode.swift; path = HapticUtils.swift; sourceTree = "<group>"; };
		134BFFE92F01974500F1F444 /* AssetSystem.swift */ = {isa = PBXFileReference; lastKnownFileType = sourcecode.swift; path = AssetSystem.swift; sourceTree = "<group>"; };
		13827A132F091684008FB39A /* DeviceDataSource.swift */ = {isa = PBXFileReference; lastKnownFileType = sourcecode.swift; path = DeviceDataSource.swift; sourceTree = "<group>"; };
		13827A152F09172A008FB39A /* AppRepository.swift */ = {isa = PBXFileReference; lastKnownFileType = sourcecode.swift; path = AppRepository.swift; sourceTree = "<group>"; };
		13A74D162EE5C77E00C3BB48 /* HyperFocus.app */ = {isa = PBXFileReference; explicitFileType = wrapper.application; includeInIndex = 0; path = HyperFocus.app; sourceTree = BUILT_PRODUCTS_DIR; };
		13A74D252EE5CB8100C3BB48 /* Assets.xcassets */ = {isa = PBXFileReference; lastKnownFileType = folder.assetcatalog; name = Assets.xcassets; path = HyperFocus/Application/Assets.xcassets; sourceTree = SOURCE_ROOT; };
		13A74D272EE5CB8100C3BB48 /* HyperFocusApp.swift */ = {isa = PBXFileReference; lastKnownFileType = sourcecode.swift; path = HyperFocusApp.swift; sourceTree = "<group>"; };
		13A74D362EE5CCFC00C3BB48 /* AppDelegate.swift */ = {isa = PBXFileReference; lastKnownFileType = sourcecode.swift; path = AppDelegate.swift; sourceTree = "<group>"; };
		13A74D382EE5CD0E00C3BB48 /* SceneDelegate.swift */ = {isa = PBXFileReference; lastKnownFileType = sourcecode.swift; path = SceneDelegate.swift; sourceTree = "<group>"; };
		13A74D3F2EE5D2D800C3BB48 /* Info.plist */ = {isa = PBXFileReference; lastKnownFileType = text.plist.xml; name = Info.plist; path = HyperFocus/Application/Info.plist; sourceTree = SOURCE_ROOT; };
		13AC3F4E2EF6EB8200CEDC69 /* Typography.swift */ = {isa = PBXFileReference; lastKnownFileType = sourcecode.swift; path = Typography.swift; sourceTree = "<group>"; };
		13AC3F582EF6F68B00CEDC69 /* SplashView.swift */ = {isa = PBXFileReference; lastKnownFileType = sourcecode.swift; path = SplashView.swift; sourceTree = "<group>"; };
		13AC3F5D2EF6FDC100CEDC69 /* Launch Screen.storyboard */ = {isa = PBXFileReference; lastKnownFileType = file.storyboard; path = "Launch Screen.storyboard"; sourceTree = "<group>"; };
		13AC3F602EF6FF1800CEDC69 /* ComingSoon-Regular.ttf */ = {isa = PBXFileReference; lastKnownFileType = file; path = "ComingSoon-Regular.ttf"; sourceTree = "<group>"; };
		13AC3F612EF6FF1800CEDC69 /* LICENSE.txt */ = {isa = PBXFileReference; lastKnownFileType = text; path = LICENSE.txt; sourceTree = "<group>"; };
		13AC3F652EF6FF3E00CEDC69 /* Font+Extensions.swift */ = {isa = PBXFileReference; lastKnownFileType = sourcecode.swift; path = "Font+Extensions.swift"; sourceTree = "<group>"; };
		13AC3F682EF702D600CEDC69 /* AmbientZStack.swift */ = {isa = PBXFileReference; lastKnownFileType = sourcecode.swift; path = AmbientZStack.swift; sourceTree = "<group>"; };
		13AC3F6A2EF702FB00CEDC69 /* Colors+Extensions.swift */ = {isa = PBXFileReference; lastKnownFileType = sourcecode.swift; path = "Colors+Extensions.swift"; sourceTree = "<group>"; };
		13AC3F6D2EF7047E00CEDC69 /* AmbientStyleType.swift */ = {isa = PBXFileReference; lastKnownFileType = sourcecode.swift; path = AmbientStyleType.swift; sourceTree = "<group>"; };
		13AC3F702EF707F800CEDC69 /* OnboardingView.swift */ = {isa = PBXFileReference; lastKnownFileType = sourcecode.swift; path = OnboardingView.swift; sourceTree = "<group>"; };
		13AC3F722EF7080500CEDC69 /* OnboardingFeature.swift */ = {isa = PBXFileReference; lastKnownFileType = sourcecode.swift; path = OnboardingFeature.swift; sourceTree = "<group>"; };
		13AC3F742EF7080A00CEDC69 /* SplashFeature.swift */ = {isa = PBXFileReference; lastKnownFileType = sourcecode.swift; path = SplashFeature.swift; sourceTree = "<group>"; };
		13AC3F762EF7090400CEDC69 /* AppFeature.swift */ = {isa = PBXFileReference; lastKnownFileType = sourcecode.swift; path = AppFeature.swift; sourceTree = "<group>"; };
		13AC3F772EF7090400CEDC69 /* AppView.swift */ = {isa = PBXFileReference; lastKnownFileType = sourcecode.swift; path = AppView.swift; sourceTree = "<group>"; };
/* End PBXFileReference section */

/* Begin PBXFrameworksBuildPhase section */
		13A74D132EE5C77E00C3BB48 /* Frameworks */ = {
			isa = PBXFrameworksBuildPhase;
			buildActionMask = 2147483647;
			files = (
				13A74D302EE5CC4C00C3BB48 /* ComposableArchitecture in Frameworks */,
				13AB722B2F055D18006E3F70 /* Alamofire in Frameworks */,
				133BD3D82F0411E00081CDF8 /* CombineMoya in Frameworks */,
				133BD3DA2F0411E00081CDF8 /* Moya in Frameworks */,
			);
			runOnlyForDeploymentPostprocessing = 0;
		};
/* End PBXFrameworksBuildPhase section */

/* Begin PBXGroup section */
		133BD3A02F023A430081CDF8 /* CustomAlert */ = {
			isa = PBXGroup;
			children = (
				133BD3B02F025E9B0081CDF8 /* CustomAlert.swift */,
				133BD3AE2F025E700081CDF8 /* CustomAlertParams.swift */,
				133BD3A92F025D310081CDF8 /* CustomAlertModifier.swift */,
				133BD3A32F0250F90081CDF8 /* CustomAlertBtn.swift */,
				133BD3A52F0252DF0081CDF8 /* CustomAlertBtnStyle.swift */,
				133BD3A72F0252EC0081CDF8 /* CustomAlertBtnModel.swift */,
			);
			path = CustomAlert;
			sourceTree = "<group>";
		};
		133BD3AB2F025D8D0081CDF8 /* Extensions */ = {
			isa = PBXGroup;
			children = (
				133BD3AC2F025D970081CDF8 /* Alert+Extensions.swift */,
			);
			path = Extensions;
			sourceTree = "<group>";
		};
		133BD3B22F02A1320081CDF8 /* Popup */ = {
			isa = PBXGroup;
			children = (
				133BD3B32F02A1460081CDF8 /* FocusCompletedBottomSheet.swift */,
				133BD3B52F02A51E0081CDF8 /* FocusCompletedFeature.swift */,
			);
			path = Popup;
			sourceTree = "<group>";
		};
		133BD3B72F02C5D50081CDF8 /* Home */ = {
			isa = PBXGroup;
			children = (
				134BFFB72F00F59800F1F444 /* LogHomeFeature.swift */,
				133BD3B82F02C5DE0081CDF8 /* LogHomeView.swift */,
			);
			path = Home;
			sourceTree = "<group>";
		};
		133BD3BF2F02D1190081CDF8 /* Setting */ = {
			isa = PBXGroup;
			children = (
				133BD3C12F02D12D0081CDF8 /* SettingView.swift */,
				133BD3C32F02D13D0081CDF8 /* SettingFeature.swift */,
			);
			path = Setting;
			sourceTree = "<group>";
		};
		133BD3C52F03A2520081CDF8 /* UseCase */ = {
			isa = PBXGroup;
			children = (
				133BD3C72F03A27F0081CDF8 /* AppConfigUseCase.swift */,
			);
			path = UseCase;
			sourceTree = "<group>";
		};
		133BD3C62F03A2580081CDF8 /* Data */ = {
			isa = PBXGroup;
			children = (
				133BD3CF2F0410670081CDF8 /* DataSource */,
				133BD3CE2F0410610081CDF8 /* Repository */,
			);
			path = Data;
			sourceTree = "<group>";
		};
		133BD3C92F0403970081CDF8 /* Dependency */ = {
			isa = PBXGroup;
			children = (
				133BD3CA2F0403A00081CDF8 /* UserDefaults+Dependency.swift */,
			);
			path = Dependency;
			sourceTree = "<group>";
		};
		133BD3CE2F0410610081CDF8 /* Repository */ = {
			isa = PBXGroup;
			children = (
				13827A1B2F0919EE008FB39A /* App */,
			);
			path = Repository;
			sourceTree = "<group>";
		};
		133BD3CF2F0410670081CDF8 /* DataSource */ = {
			isa = PBXGroup;
			children = (
				13827A122F091596008FB39A /* Device */,
				133BD3D02F04107B0081CDF8 /* Network */,
			);
			path = DataSource;
			sourceTree = "<group>";
		};
		133BD3D02F04107B0081CDF8 /* Network */ = {
			isa = PBXGroup;
			children = (
				133BD3E22F04196C0081CDF8 /* Core */,
				133BD3E32F04196C0081CDF8 /* README.md */,
				133BD3E52F04196C0081CDF8 /* API */,
			);
			path = Network;
			sourceTree = "<group>";
		};
		133BD3E22F04196C0081CDF8 /* Core */ = {
			isa = PBXGroup;
			children = (
				133BD3DD2F04196C0081CDF8 /* APIError.swift */,
				133BD3DE2F04196C0081CDF8 /* APIResponse.swift */,
				133BD3DF2F04196C0081CDF8 /* APIService.swift */,
				133BD3E02F04196C0081CDF8 /* BaseTarget.swift */,
				133BD3E12F04196C0081CDF8 /* NetworkPlugin.swift */,
			);
			path = Core;
			sourceTree = "<group>";
		};
		133BD3E52F04196C0081CDF8 /* API */ = {
			isa = PBXGroup;
			children = (
				133BD3E42F04196C0081CDF8 /* ExampleTarget.swift */,
			);
			path = API;
			sourceTree = "<group>";
		};
		134BFFA12EFD628100F1F444 /* BaseFeature */ = {
			isa = PBXGroup;
			children = (
				134BFFAB2EFEBAEA00F1F444 /* Components */,
				134BFFA22EFD628700F1F444 /* Text */,
			);
			path = BaseFeature;
			sourceTree = "<group>";
		};
		134BFFA22EFD628700F1F444 /* Text */ = {
			isa = PBXGroup;
			children = (
				133BD3BC2F02CFBA0081CDF8 /* LogText.swift */,
				134BFFA32EFD629100F1F444 /* BaseText.swift */,
				134BFFCA2F01314200F1F444 /* FocusText.swift */,
			);
			path = Text;
			sourceTree = "<group>";
		};
		134BFFAB2EFEBAEA00F1F444 /* Components */ = {
			isa = PBXGroup;
			children = (
				134BFFAC2EFEBAF000F1F444 /* Timer */,
			);
			path = Components;
			sourceTree = "<group>";
		};
		134BFFAC2EFEBAF000F1F444 /* Timer */ = {
			isa = PBXGroup;
			children = (
				134BFFAF2EFEBFA700F1F444 /* TimerFeature.swift */,
				134BFFAD2EFEBB0A00F1F444 /* TimerView.swift */,
			);
			path = Timer;
			sourceTree = "<group>";
		};
		134BFFB62F00F59800F1F444 /* FocusFeature */ = {
			isa = PBXGroup;
			children = (
				133BD3B22F02A1320081CDF8 /* Popup */,
				134BFFD82F01795900F1F444 /* Detail */,
				134BFFD72F01795300F1F444 /* Home */,
			);
			path = FocusFeature;
			sourceTree = "<group>";
		};
		134BFFB92F00F59800F1F444 /* LogFeature */ = {
			isa = PBXGroup;
			children = (
				133BD3B72F02C5D50081CDF8 /* Home */,
			);
			path = LogFeature;
			sourceTree = "<group>";
		};
		134BFFBC2F00F59800F1F444 /* Main */ = {
			isa = PBXGroup;
			children = (
				134BFFBA2F00F59800F1F444 /* MainFeature.swift */,
				134BFFBB2F00F59800F1F444 /* MainView.swift */,
			);
			path = Main;
			sourceTree = "<group>";
		};
		134BFFC32F01071E00F1F444 /* Domain */ = {
			isa = PBXGroup;
			children = (
				134BFFCC2F014FC400F1F444 /* Type */,
				133BD3C52F03A2520081CDF8 /* UseCase */,
				134BFFC42F01072900F1F444 /* ValueObject */,
			);
			path = Domain;
			sourceTree = "<group>";
		};
		134BFFC42F01072900F1F444 /* ValueObject */ = {
			isa = PBXGroup;
			children = (
				134BFFC52F01073300F1F444 /* FocusGoal.swift */,
			);
			path = ValueObject;
			sourceTree = "<group>";
		};
		134BFFCC2F014FC400F1F444 /* Type */ = {
			isa = PBXGroup;
			children = (
				134BFFCD2F014FCA00F1F444 /* ExampleGoal.swift */,
				134BFFCF2F01501E00F1F444 /* BasicTime.swift */,
			);
			path = Type;
			sourceTree = "<group>";
		};
		134BFFD12F0153DB00F1F444 /* Component */ = {
			isa = PBXGroup;
			children = (
				133BD3A02F023A430081CDF8 /* CustomAlert */,
				134BFFD22F0153E100F1F444 /* Chip */,
			);
			path = Component;
			sourceTree = "<group>";
		};
		134BFFD22F0153E100F1F444 /* Chip */ = {
			isa = PBXGroup;
			children = (
				134BFFD32F01545300F1F444 /* CommonChip.swift */,
				134BFFD52F01593500F1F444 /* CommonChipStyle.swift */,
			);
			path = Chip;
			sourceTree = "<group>";
		};
		134BFFD72F01795300F1F444 /* Home */ = {
			isa = PBXGroup;
			children = (
				134BFFB42F00F59800F1F444 /* FocusHomeFeature.swift */,
				134BFFB52F00F59800F1F444 /* FocusHomeView.swift */,
			);
			path = Home;
			sourceTree = "<group>";
		};
		134BFFD82F01795900F1F444 /* Detail */ = {
			isa = PBXGroup;
			children = (
				134BFFDB2F01796800F1F444 /* FocusDetailView.swift */,
				134BFFDF2F01796C00F1F444 /* FocusDetailFeature.swift */,
			);
			path = Detail;
			sourceTree = "<group>";
		};
		134BFFE12F017E0F00F1F444 /* Utils */ = {
			isa = PBXGroup;
			children = (
				133BD3AB2F025D8D0081CDF8 /* Extensions */,
				134BFFE52F017E2800F1F444 /* Haptic */,
			);
			path = Utils;
			sourceTree = "<group>";
		};
		134BFFE52F017E2800F1F444 /* Haptic */ = {
			isa = PBXGroup;
			children = (
				134BFFE62F017E2B00F1F444 /* HapticUtils.swift */,
			);
			path = Haptic;
			sourceTree = "<group>";
		};
		134BFFE82F01973500F1F444 /* Assets */ = {
			isa = PBXGroup;
			children = (
				134BFFE92F01974500F1F444 /* AssetSystem.swift */,
			);
			path = Assets;
			sourceTree = "<group>";
		};
		13827A122F091596008FB39A /* Device */ = {
			isa = PBXGroup;
			children = (
				13827A132F091684008FB39A /* DeviceDataSource.swift */,
			);
			path = Device;
			sourceTree = "<group>";
		};
		13827A1B2F0919EE008FB39A /* App */ = {
			isa = PBXGroup;
			children = (
				13827A152F09172A008FB39A /* AppRepository.swift */,
			);
			path = App;
			sourceTree = "<group>";
		};
		13A74D0D2EE5C77E00C3BB48 = {
			isa = PBXGroup;
			children = (
				13A74D282EE5CB8100C3BB48 /* HyperFocus */,
				13A74D172EE5C77E00C3BB48 /* Products */,
			);
			sourceTree = "<group>";
		};
		13A74D172EE5C77E00C3BB48 /* Products */ = {
			isa = PBXGroup;
			children = (
				13A74D162EE5C77E00C3BB48 /* HyperFocus.app */,
			);
			name = Products;
			sourceTree = "<group>";
		};
		13A74D282EE5CB8100C3BB48 /* HyperFocus */ = {
			isa = PBXGroup;
			children = (
				13A74D352EE5CCAE00C3BB48 /* Application */,
				133BD3C62F03A2580081CDF8 /* Data */,
				134BFFC32F01071E00F1F444 /* Domain */,
				13A74D2C2EE5CB8B00C3BB48 /* Features */,
				13AC3F4A2EF6EA5200CEDC69 /* Shared */,
			);
			path = HyperFocus;
			sourceTree = "<group>";
		};
		13A74D2C2EE5CB8B00C3BB48 /* Features */ = {
			isa = PBXGroup;
			children = (
				13AC3F782EF7090400CEDC69 /* AppFeature */,
				134BFFA12EFD628100F1F444 /* BaseFeature */,
				134BFFB62F00F59800F1F444 /* FocusFeature */,
				134BFFB92F00F59800F1F444 /* LogFeature */,
				134BFFBC2F00F59800F1F444 /* Main */,
				13AC3F6F2EF707E900CEDC69 /* OnboardingFeature */,
				133BD3BF2F02D1190081CDF8 /* Setting */,
				13AC3F572EF6F65B00CEDC69 /* SplashFeature */,
			);
			path = Features;
			sourceTree = "<group>";
		};
		13A74D352EE5CCAE00C3BB48 /* Application */ = {
			isa = PBXGroup;
			children = (
				13A74D3F2EE5D2D800C3BB48 /* Info.plist */,
				13A74D252EE5CB8100C3BB48 /* Assets.xcassets */,
				13A74D272EE5CB8100C3BB48 /* HyperFocusApp.swift */,
				13A74D362EE5CCFC00C3BB48 /* AppDelegate.swift */,
				13A74D382EE5CD0E00C3BB48 /* SceneDelegate.swift */,
				13AC3F5D2EF6FDC100CEDC69 /* Launch Screen.storyboard */,
			);
			path = Application;
			sourceTree = "<group>";
		};
		13AC3F4A2EF6EA5200CEDC69 /* Shared */ = {
			isa = PBXGroup;
			children = (
				133BD3C92F0403970081CDF8 /* Dependency */,
				134BFFE12F017E0F00F1F444 /* Utils */,
				13AC3F4B2EF6EA7000CEDC69 /* DesignSystem */,
			);
			path = Shared;
			sourceTree = "<group>";
		};
		13AC3F4B2EF6EA7000CEDC69 /* DesignSystem */ = {
			isa = PBXGroup;
			children = (
				134BFFE82F01973500F1F444 /* Assets */,
				13AC3F6C2EF7042A00CEDC69 /* Ambient */,
				13AC3F672EF702CC00CEDC69 /* Colors */,
				13AC3F5F2EF6FF0C00CEDC69 /* Fonts */,
				13AC3F4E2EF6EB8200CEDC69 /* Typography.swift */,
				134BFFD12F0153DB00F1F444 /* Component */,
			);
			path = DesignSystem;
			sourceTree = "<group>";
		};
		13AC3F572EF6F65B00CEDC69 /* SplashFeature */ = {
			isa = PBXGroup;
			children = (
				13AC3F582EF6F68B00CEDC69 /* SplashView.swift */,
				13AC3F742EF7080A00CEDC69 /* SplashFeature.swift */,
			);
			path = SplashFeature;
			sourceTree = "<group>";
		};
		13AC3F5F2EF6FF0C00CEDC69 /* Fonts */ = {
			isa = PBXGroup;
			children = (
				13AC3F652EF6FF3E00CEDC69 /* Font+Extensions.swift */,
				13AC3F622EF6FF1800CEDC69 /* ComingSoon */,
			);
			path = Fonts;
			sourceTree = "<group>";
		};
		13AC3F622EF6FF1800CEDC69 /* ComingSoon */ = {
			isa = PBXGroup;
			children = (
				13AC3F602EF6FF1800CEDC69 /* ComingSoon-Regular.ttf */,
				13AC3F612EF6FF1800CEDC69 /* LICENSE.txt */,
			);
			path = ComingSoon;
			sourceTree = "<group>";
		};
		13AC3F672EF702CC00CEDC69 /* Colors */ = {
			isa = PBXGroup;
			children = (
				13AC3F6A2EF702FB00CEDC69 /* Colors+Extensions.swift */,
			);
			path = Colors;
			sourceTree = "<group>";
		};
		13AC3F6C2EF7042A00CEDC69 /* Ambient */ = {
			isa = PBXGroup;
			children = (
				13AC3F682EF702D600CEDC69 /* AmbientZStack.swift */,
				13AC3F6D2EF7047E00CEDC69 /* AmbientStyleType.swift */,
			);
			path = Ambient;
			sourceTree = "<group>";
		};
		13AC3F6F2EF707E900CEDC69 /* OnboardingFeature */ = {
			isa = PBXGroup;
			children = (
				13AC3F702EF707F800CEDC69 /* OnboardingView.swift */,
				134BFFA92EFE857C00F1F444 /* OnboardingTimerView.swift */,
				134BFFA72EFE33FD00F1F444 /* OnboardingTodoView.swift */,
				13AC3F722EF7080500CEDC69 /* OnboardingFeature.swift */,
				134BFFB12F00EC6D00F1F444 /* OnboardingFinalView.swift */,
			);
			path = OnboardingFeature;
			sourceTree = "<group>";
		};
		13AC3F782EF7090400CEDC69 /* AppFeature */ = {
			isa = PBXGroup;
			children = (
				13AC3F762EF7090400CEDC69 /* AppFeature.swift */,
				13AC3F772EF7090400CEDC69 /* AppView.swift */,
			);
			path = AppFeature;
			sourceTree = "<group>";
		};
/* End PBXGroup section */

/* Begin PBXNativeTarget section */
		13A74D152EE5C77E00C3BB48 /* HyperFocus */ = {
			isa = PBXNativeTarget;
			buildConfigurationList = 13A74D212EE5C78000C3BB48 /* Build configuration list for PBXNativeTarget "HyperFocus" */;
			buildPhases = (
				13A74D122EE5C77E00C3BB48 /* Sources */,
				13A74D132EE5C77E00C3BB48 /* Frameworks */,
				13A74D142EE5C77E00C3BB48 /* Resources */,
			);
			buildRules = (
			);
			dependencies = (
			);
			name = HyperFocus;
			packageProductDependencies = (
				13A74D2F2EE5CC4C00C3BB48 /* ComposableArchitecture */,
				133BD3D72F0411E00081CDF8 /* CombineMoya */,
				133BD3D92F0411E00081CDF8 /* Moya */,
				13AB722A2F055D18006E3F70 /* Alamofire */,
			);
			productName = HyperFocus;
			productReference = 13A74D162EE5C77E00C3BB48 /* HyperFocus.app */;
			productType = "com.apple.product-type.application";
		};
/* End PBXNativeTarget section */

/* Begin PBXProject section */
		13A74D0E2EE5C77E00C3BB48 /* Project object */ = {
			isa = PBXProject;
			attributes = {
				BuildIndependentTargetsInParallel = 1;
				LastSwiftUpdateCheck = 2610;
				LastUpgradeCheck = 2610;
				TargetAttributes = {
					13A74D152EE5C77E00C3BB48 = {
						CreatedOnToolsVersion = 26.1.1;
					};
				};
			};
			buildConfigurationList = 13A74D112EE5C77E00C3BB48 /* Build configuration list for PBXProject "HyperFocus" */;
			developmentRegion = en;
			hasScannedForEncodings = 0;
			knownRegions = (
				en,
				Base,
			);
			mainGroup = 13A74D0D2EE5C77E00C3BB48;
			minimizedProjectReferenceProxies = 1;
			packageReferences = (
				13A74D2E2EE5CC4C00C3BB48 /* XCRemoteSwiftPackageReference "swift-composable-architecture" */,
				133BD3D62F0411E00081CDF8 /* XCRemoteSwiftPackageReference "Moya" */,
				13AB72292F055D18006E3F70 /* XCRemoteSwiftPackageReference "Alamofire" */,
			);
			preferredProjectObjectVersion = 77;
			productRefGroup = 13A74D172EE5C77E00C3BB48 /* Products */;
			projectDirPath = "";
			projectRoot = "";
			targets = (
				13A74D152EE5C77E00C3BB48 /* HyperFocus */,
			);
		};
/* End PBXProject section */

/* Begin PBXResourcesBuildPhase section */
		13A74D142EE5C77E00C3BB48 /* Resources */ = {
			isa = PBXResourcesBuildPhase;
			buildActionMask = 2147483647;
			files = (
				13AC3F632EF6FF1800CEDC69 /* ComingSoon-Regular.ttf in Resources */,
				13AC3F642EF6FF1800CEDC69 /* LICENSE.txt in Resources */,
				133BD3EC2F04196C0081CDF8 /* README.md in Resources */,
				13AC3F5E2EF6FDC100CEDC69 /* Launch Screen.storyboard in Resources */,
				13A74D292EE5CB8100C3BB48 /* Assets.xcassets in Resources */,
			);
			runOnlyForDeploymentPostprocessing = 0;
		};
/* End PBXResourcesBuildPhase section */

/* Begin PBXSourcesBuildPhase section */
		13A74D122EE5C77E00C3BB48 /* Sources */ = {
			isa = PBXSourcesBuildPhase;
			buildActionMask = 2147483647;
			files = (
				13AC3F6B2EF7030000CEDC69 /* Colors+Extensions.swift in Sources */,
				134BFFCE2F014FD200F1F444 /* ExampleGoal.swift in Sources */,
				13A74D392EE5CD0E00C3BB48 /* SceneDelegate.swift in Sources */,
				13AC3F792EF7090400CEDC69 /* AppView.swift in Sources */,
				133BD3AD2F025D9F0081CDF8 /* Alert+Extensions.swift in Sources */,
				133BD3E62F04196C0081CDF8 /* APIError.swift in Sources */,
				133BD3E72F04196C0081CDF8 /* ExampleTarget.swift in Sources */,
				133BD3E82F04196C0081CDF8 /* BaseTarget.swift in Sources */,
				133BD3E92F04196C0081CDF8 /* APIResponse.swift in Sources */,
				133BD3EA2F04196C0081CDF8 /* APIService.swift in Sources */,
				133BD3EB2F04196C0081CDF8 /* NetworkPlugin.swift in Sources */,
				133BD3B12F025E9B0081CDF8 /* CustomAlert.swift in Sources */,
				134BFFE72F017E2D00F1F444 /* HapticUtils.swift in Sources */,
				134BFFAA2EFE857C00F1F444 /* OnboardingTimerView.swift in Sources */,
				13AC3F7A2EF7090400CEDC69 /* AppFeature.swift in Sources */,
				133BD3C42F02D1400081CDF8 /* SettingFeature.swift in Sources */,
				134BFFA42EFD629700F1F444 /* BaseText.swift in Sources */,
				133BD3A42F0250FD0081CDF8 /* CustomAlertBtn.swift in Sources */,
				133BD3AA2F025D350081CDF8 /* CustomAlertModifier.swift in Sources */,
				13AC3F732EF7080500CEDC69 /* OnboardingFeature.swift in Sources */,
				134BFFCB2F01314500F1F444 /* FocusText.swift in Sources */,
				133BD3CB2F0403A50081CDF8 /* UserDefaults+Dependency.swift in Sources */,
				133BD3C22F02D12D0081CDF8 /* SettingView.swift in Sources */,
				134BFFD02F01502200F1F444 /* BasicTime.swift in Sources */,
				133BD3C82F03A28E0081CDF8 /* AppConfigUseCase.swift in Sources */,
				134BFFB02EFEBFAA00F1F444 /* TimerFeature.swift in Sources */,
				134BFFEA2F01974A00F1F444 /* AssetSystem.swift in Sources */,
				134BFFC62F01074500F1F444 /* FocusGoal.swift in Sources */,
				13A74D372EE5CCFC00C3BB48 /* AppDelegate.swift in Sources */,
				134BFFD42F01545300F1F444 /* CommonChip.swift in Sources */,
				134BFFDC2F01796800F1F444 /* FocusDetailView.swift in Sources */,
				134BFFD62F01593800F1F444 /* CommonChipStyle.swift in Sources */,
				134BFFA82EFE33FD00F1F444 /* OnboardingTodoView.swift in Sources */,
				13AC3F712EF707F800CEDC69 /* OnboardingView.swift in Sources */,
				13AC3F692EF702E200CEDC69 /* AmbientZStack.swift in Sources */,
				133BD3B62F02A5250081CDF8 /* FocusCompletedFeature.swift in Sources */,
				133BD3B42F02A1460081CDF8 /* FocusCompletedBottomSheet.swift in Sources */,
				133BD3BD2F02CFBD0081CDF8 /* LogText.swift in Sources */,
				13AC3F662EF6FF4A00CEDC69 /* Font+Extensions.swift in Sources */,
				13AC3F6E2EF7048200CEDC69 /* AmbientStyleType.swift in Sources */,
				13A74D2B2EE5CB8100C3BB48 /* HyperFocusApp.swift in Sources */,
				13AC3F752EF7080C00CEDC69 /* SplashFeature.swift in Sources */,
				134BFFB22F00EC6D00F1F444 /* OnboardingFinalView.swift in Sources */,
				134BFFAE2EFEBB0A00F1F444 /* TimerView.swift in Sources */,
				13827A142F091688008FB39A /* DeviceDataSource.swift in Sources */,
				13AC3F4F2EF6EB9200CEDC69 /* Typography.swift in Sources */,
				134BFFBD2F00F59800F1F444 /* MainView.swift in Sources */,
				13827A162F09172E008FB39A /* AppRepository.swift in Sources */,
				133BD3AF2F025E760081CDF8 /* CustomAlertParams.swift in Sources */,
				133BD3A62F0252E40081CDF8 /* CustomAlertBtnStyle.swift in Sources */,
				134BFFBF2F00F59800F1F444 /* LogHomeFeature.swift in Sources */,
				134BFFC02F00F59800F1F444 /* FocusHomeFeature.swift in Sources */,
				133BD3A82F0252F10081CDF8 /* CustomAlertBtnModel.swift in Sources */,
				134BFFE02F01796F00F1F444 /* FocusDetailFeature.swift in Sources */,
				134BFFC12F00F59800F1F444 /* FocusHomeView.swift in Sources */,
				134BFFC22F00F59800F1F444 /* MainFeature.swift in Sources */,
				133BD3B92F02C5DE0081CDF8 /* LogHomeView.swift in Sources */,
				13AC3F592EF6F68B00CEDC69 /* SplashView.swift in Sources */,
			);
			runOnlyForDeploymentPostprocessing = 0;
		};
/* End PBXSourcesBuildPhase section */

/* Begin XCBuildConfiguration section */
		13A74D1F2EE5C78000C3BB48 /* Debug */ = {
			isa = XCBuildConfiguration;
			buildSettings = {
				ALWAYS_SEARCH_USER_PATHS = NO;
				ASSETCATALOG_COMPILER_GENERATE_SWIFT_ASSET_SYMBOL_EXTENSIONS = YES;
				CLANG_ANALYZER_NONNULL = YES;
				CLANG_ANALYZER_NUMBER_OBJECT_CONVERSION = YES_AGGRESSIVE;
				CLANG_CXX_LANGUAGE_STANDARD = "gnu++20";
				CLANG_ENABLE_MODULES = YES;
				CLANG_ENABLE_OBJC_ARC = YES;
				CLANG_ENABLE_OBJC_WEAK = YES;
				CLANG_WARN_BLOCK_CAPTURE_AUTORELEASING = YES;
				CLANG_WARN_BOOL_CONVERSION = YES;
				CLANG_WARN_COMMA = YES;
				CLANG_WARN_CONSTANT_CONVERSION = YES;
				CLANG_WARN_DEPRECATED_OBJC_IMPLEMENTATIONS = YES;
				CLANG_WARN_DIRECT_OBJC_ISA_USAGE = YES_ERROR;
				CLANG_WARN_DOCUMENTATION_COMMENTS = YES;
				CLANG_WARN_EMPTY_BODY = YES;
				CLANG_WARN_ENUM_CONVERSION = YES;
				CLANG_WARN_INFINITE_RECURSION = YES;
				CLANG_WARN_INT_CONVERSION = YES;
				CLANG_WARN_NON_LITERAL_NULL_CONVERSION = YES;
				CLANG_WARN_OBJC_IMPLICIT_RETAIN_SELF = YES;
				CLANG_WARN_OBJC_LITERAL_CONVERSION = YES;
				CLANG_WARN_OBJC_ROOT_CLASS = YES_ERROR;
				CLANG_WARN_QUOTED_INCLUDE_IN_FRAMEWORK_HEADER = YES;
				CLANG_WARN_RANGE_LOOP_ANALYSIS = YES;
				CLANG_WARN_STRICT_PROTOTYPES = YES;
				CLANG_WARN_SUSPICIOUS_MOVE = YES;
				CLANG_WARN_UNGUARDED_AVAILABILITY = YES_AGGRESSIVE;
				CLANG_WARN_UNREACHABLE_CODE = YES;
				CLANG_WARN__DUPLICATE_METHOD_MATCH = YES;
				COPY_PHASE_STRIP = NO;
				DEBUG_INFORMATION_FORMAT = dwarf;
				DEVELOPMENT_TEAM = B2V8LG7269;
				ENABLE_STRICT_OBJC_MSGSEND = YES;
				ENABLE_TESTABILITY = YES;
				ENABLE_USER_SCRIPT_SANDBOXING = YES;
				GCC_C_LANGUAGE_STANDARD = gnu17;
				GCC_DYNAMIC_NO_PIC = NO;
				GCC_NO_COMMON_BLOCKS = YES;
				GCC_OPTIMIZATION_LEVEL = 0;
				GCC_PREPROCESSOR_DEFINITIONS = (
					"DEBUG=1",
					"$(inherited)",
				);
				GCC_WARN_64_TO_32_BIT_CONVERSION = YES;
				GCC_WARN_ABOUT_RETURN_TYPE = YES_ERROR;
				GCC_WARN_UNDECLARED_SELECTOR = YES;
				GCC_WARN_UNINITIALIZED_AUTOS = YES_AGGRESSIVE;
				GCC_WARN_UNUSED_FUNCTION = YES;
				GCC_WARN_UNUSED_VARIABLE = YES;
				IPHONEOS_DEPLOYMENT_TARGET = 26.1;
				LOCALIZATION_PREFERS_STRING_CATALOGS = YES;
				MTL_ENABLE_DEBUG_INFO = INCLUDE_SOURCE;
				MTL_FAST_MATH = YES;
				ONLY_ACTIVE_ARCH = YES;
				SDKROOT = iphoneos;
				SWIFT_ACTIVE_COMPILATION_CONDITIONS = "DEBUG $(inherited)";
				SWIFT_OPTIMIZATION_LEVEL = "-Onone";
			};
			name = Debug;
		};
		13A74D202EE5C78000C3BB48 /* Release */ = {
			isa = XCBuildConfiguration;
			buildSettings = {
				ALWAYS_SEARCH_USER_PATHS = NO;
				ASSETCATALOG_COMPILER_GENERATE_SWIFT_ASSET_SYMBOL_EXTENSIONS = YES;
				CLANG_ANALYZER_NONNULL = YES;
				CLANG_ANALYZER_NUMBER_OBJECT_CONVERSION = YES_AGGRESSIVE;
				CLANG_CXX_LANGUAGE_STANDARD = "gnu++20";
				CLANG_ENABLE_MODULES = YES;
				CLANG_ENABLE_OBJC_ARC = YES;
				CLANG_ENABLE_OBJC_WEAK = YES;
				CLANG_WARN_BLOCK_CAPTURE_AUTORELEASING = YES;
				CLANG_WARN_BOOL_CONVERSION = YES;
				CLANG_WARN_COMMA = YES;
				CLANG_WARN_CONSTANT_CONVERSION = YES;
				CLANG_WARN_DEPRECATED_OBJC_IMPLEMENTATIONS = YES;
				CLANG_WARN_DIRECT_OBJC_ISA_USAGE = YES_ERROR;
				CLANG_WARN_DOCUMENTATION_COMMENTS = YES;
				CLANG_WARN_EMPTY_BODY = YES;
				CLANG_WARN_ENUM_CONVERSION = YES;
				CLANG_WARN_INFINITE_RECURSION = YES;
				CLANG_WARN_INT_CONVERSION = YES;
				CLANG_WARN_NON_LITERAL_NULL_CONVERSION = YES;
				CLANG_WARN_OBJC_IMPLICIT_RETAIN_SELF = YES;
				CLANG_WARN_OBJC_LITERAL_CONVERSION = YES;
				CLANG_WARN_OBJC_ROOT_CLASS = YES_ERROR;
				CLANG_WARN_QUOTED_INCLUDE_IN_FRAMEWORK_HEADER = YES;
				CLANG_WARN_RANGE_LOOP_ANALYSIS = YES;
				CLANG_WARN_STRICT_PROTOTYPES = YES;
				CLANG_WARN_SUSPICIOUS_MOVE = YES;
				CLANG_WARN_UNGUARDED_AVAILABILITY = YES_AGGRESSIVE;
				CLANG_WARN_UNREACHABLE_CODE = YES;
				CLANG_WARN__DUPLICATE_METHOD_MATCH = YES;
				COPY_PHASE_STRIP = NO;
				DEBUG_INFORMATION_FORMAT = "dwarf-with-dsym";
				DEVELOPMENT_TEAM = B2V8LG7269;
				ENABLE_NS_ASSERTIONS = NO;
				ENABLE_STRICT_OBJC_MSGSEND = YES;
				ENABLE_USER_SCRIPT_SANDBOXING = YES;
				GCC_C_LANGUAGE_STANDARD = gnu17;
				GCC_NO_COMMON_BLOCKS = YES;
				GCC_WARN_64_TO_32_BIT_CONVERSION = YES;
				GCC_WARN_ABOUT_RETURN_TYPE = YES_ERROR;
				GCC_WARN_UNDECLARED_SELECTOR = YES;
				GCC_WARN_UNINITIALIZED_AUTOS = YES_AGGRESSIVE;
				GCC_WARN_UNUSED_FUNCTION = YES;
				GCC_WARN_UNUSED_VARIABLE = YES;
				IPHONEOS_DEPLOYMENT_TARGET = 26.1;
				LOCALIZATION_PREFERS_STRING_CATALOGS = YES;
				MTL_ENABLE_DEBUG_INFO = NO;
				MTL_FAST_MATH = YES;
				SDKROOT = iphoneos;
				SWIFT_COMPILATION_MODE = wholemodule;
				VALIDATE_PRODUCT = YES;
			};
			name = Release;
		};
		13A74D222EE5C78000C3BB48 /* Debug */ = {
			isa = XCBuildConfiguration;
			buildSettings = {
				ASSETCATALOG_COMPILER_APPICON_NAME = AppIcon;
				ASSETCATALOG_COMPILER_GLOBAL_ACCENT_COLOR_NAME = AccentColor;
				CODE_SIGN_STYLE = Automatic;
				CURRENT_PROJECT_VERSION = 1;
				DEVELOPMENT_TEAM = B2V8LG7269;
				ENABLE_PREVIEWS = YES;
				GENERATE_INFOPLIST_FILE = YES;
				INFOPLIST_FILE = HyperFocus/Application/Info.plist;
				INFOPLIST_KEY_UIApplicationSceneManifest_Generation = YES;
				INFOPLIST_KEY_UIApplicationSupportsIndirectInputEvents = YES;
				INFOPLIST_KEY_UILaunchStoryboardName = "Launch Screen";
				INFOPLIST_KEY_UISupportedInterfaceOrientations_iPad = "UIInterfaceOrientationPortrait UIInterfaceOrientationPortraitUpsideDown UIInterfaceOrientationLandscapeLeft UIInterfaceOrientationLandscapeRight";
				INFOPLIST_KEY_UISupportedInterfaceOrientations_iPhone = "UIInterfaceOrientationPortrait UIInterfaceOrientationLandscapeLeft UIInterfaceOrientationLandscapeRight";
				LD_RUNPATH_SEARCH_PATHS = (
					"$(inherited)",
					"@executable_path/Frameworks",
				);
				MARKETING_VERSION = 1.0;
				PRODUCT_BUNDLE_IDENTIFIER = com.hyperfocus.timer.HyperFocus;
				PRODUCT_NAME = "$(TARGET_NAME)";
				STRING_CATALOG_GENERATE_SYMBOLS = YES;
				SUPPORTED_PLATFORMS = "iphoneos iphonesimulator";
				SUPPORTS_MACCATALYST = NO;
				SUPPORTS_MAC_DESIGNED_FOR_IPHONE_IPAD = NO;
				SUPPORTS_XR_DESIGNED_FOR_IPHONE_IPAD = NO;
				SWIFT_APPROACHABLE_CONCURRENCY = YES;
				SWIFT_DEFAULT_ACTOR_ISOLATION = nonisolated;
				SWIFT_EMIT_LOC_STRINGS = YES;
				SWIFT_UPCOMING_FEATURE_MEMBER_IMPORT_VISIBILITY = YES;
				SWIFT_VERSION = 5.0;
				TARGETED_DEVICE_FAMILY = 1;
			};
			name = Debug;
		};
		13A74D232EE5C78000C3BB48 /* Release */ = {
			isa = XCBuildConfiguration;
			buildSettings = {
				ASSETCATALOG_COMPILER_APPICON_NAME = AppIcon;
				ASSETCATALOG_COMPILER_GLOBAL_ACCENT_COLOR_NAME = AccentColor;
				CODE_SIGN_STYLE = Automatic;
				CURRENT_PROJECT_VERSION = 1;
				DEVELOPMENT_TEAM = B2V8LG7269;
				ENABLE_PREVIEWS = YES;
				GENERATE_INFOPLIST_FILE = YES;
				INFOPLIST_FILE = HyperFocus/Application/Info.plist;
				INFOPLIST_KEY_UIApplicationSceneManifest_Generation = YES;
				INFOPLIST_KEY_UIApplicationSupportsIndirectInputEvents = YES;
				INFOPLIST_KEY_UILaunchStoryboardName = "Launch Screen";
				INFOPLIST_KEY_UISupportedInterfaceOrientations_iPad = "UIInterfaceOrientationPortrait UIInterfaceOrientationPortraitUpsideDown UIInterfaceOrientationLandscapeLeft UIInterfaceOrientationLandscapeRight";
				INFOPLIST_KEY_UISupportedInterfaceOrientations_iPhone = "UIInterfaceOrientationPortrait UIInterfaceOrientationLandscapeLeft UIInterfaceOrientationLandscapeRight";
				LD_RUNPATH_SEARCH_PATHS = (
					"$(inherited)",
					"@executable_path/Frameworks",
				);
				MARKETING_VERSION = 1.0;
				PRODUCT_BUNDLE_IDENTIFIER = com.hyperfocus.timer.HyperFocus;
				PRODUCT_NAME = "$(TARGET_NAME)";
				STRING_CATALOG_GENERATE_SYMBOLS = YES;
				SUPPORTED_PLATFORMS = "iphoneos iphonesimulator";
				SUPPORTS_MACCATALYST = NO;
				SUPPORTS_MAC_DESIGNED_FOR_IPHONE_IPAD = NO;
				SUPPORTS_XR_DESIGNED_FOR_IPHONE_IPAD = NO;
				SWIFT_APPROACHABLE_CONCURRENCY = YES;
				SWIFT_DEFAULT_ACTOR_ISOLATION = nonisolated;
				SWIFT_EMIT_LOC_STRINGS = YES;
				SWIFT_UPCOMING_FEATURE_MEMBER_IMPORT_VISIBILITY = YES;
				SWIFT_VERSION = 5.0;
				TARGETED_DEVICE_FAMILY = 1;
			};
			name = Release;
		};
/* End XCBuildConfiguration section */

/* Begin XCConfigurationList section */
		13A74D112EE5C77E00C3BB48 /* Build configuration list for PBXProject "HyperFocus" */ = {
			isa = XCConfigurationList;
			buildConfigurations = (
				13A74D1F2EE5C78000C3BB48 /* Debug */,
				13A74D202EE5C78000C3BB48 /* Release */,
			);
			defaultConfigurationIsVisible = 0;
			defaultConfigurationName = Release;
		};
		13A74D212EE5C78000C3BB48 /* Build configuration list for PBXNativeTarget "HyperFocus" */ = {
			isa = XCConfigurationList;
			buildConfigurations = (
				13A74D222EE5C78000C3BB48 /* Debug */,
				13A74D232EE5C78000C3BB48 /* Release */,
			);
			defaultConfigurationIsVisible = 0;
			defaultConfigurationName = Release;
		};
/* End XCConfigurationList section */

/* Begin XCRemoteSwiftPackageReference section */
		133BD3D62F0411E00081CDF8 /* XCRemoteSwiftPackageReference "Moya" */ = {
			isa = XCRemoteSwiftPackageReference;
			repositoryURL = "https://github.com/Moya/Moya.git";
			requirement = {
				kind = upToNextMajorVersion;
				minimumVersion = 15.0.3;
			};
		};
		13A74D2E2EE5CC4C00C3BB48 /* XCRemoteSwiftPackageReference "swift-composable-architecture" */ = {
			isa = XCRemoteSwiftPackageReference;
			repositoryURL = "https://github.com/pointfreeco/swift-composable-architecture";
			requirement = {
				kind = upToNextMajorVersion;
				minimumVersion = 1.23.1;
			};
		};
		13AB72292F055D18006E3F70 /* XCRemoteSwiftPackageReference "Alamofire" */ = {
			isa = XCRemoteSwiftPackageReference;
			repositoryURL = "https://github.com/Alamofire/Alamofire.git";
			requirement = {
				kind = upToNextMajorVersion;
				minimumVersion = 5.11.0;
			};
		};
/* End XCRemoteSwiftPackageReference section */

/* Begin XCSwiftPackageProductDependency section */
		133BD3D72F0411E00081CDF8 /* CombineMoya */ = {
			isa = XCSwiftPackageProductDependency;
			package = 133BD3D62F0411E00081CDF8 /* XCRemoteSwiftPackageReference "Moya" */;
			productName = CombineMoya;
		};
		133BD3D92F0411E00081CDF8 /* Moya */ = {
			isa = XCSwiftPackageProductDependency;
			package = 133BD3D62F0411E00081CDF8 /* XCRemoteSwiftPackageReference "Moya" */;
			productName = Moya;
		};
		13A74D2F2EE5CC4C00C3BB48 /* ComposableArchitecture */ = {
			isa = XCSwiftPackageProductDependency;
			package = 13A74D2E2EE5CC4C00C3BB48 /* XCRemoteSwiftPackageReference "swift-composable-architecture" */;
			productName = ComposableArchitecture;
		};
		13AB722A2F055D18006E3F70 /* Alamofire */ = {
			isa = XCSwiftPackageProductDependency;
			package = 13AB72292F055D18006E3F70 /* XCRemoteSwiftPackageReference "Alamofire" */;
			productName = Alamofire;
		};
/* End XCSwiftPackageProductDependency section */
	};
	rootObject = 13A74D0E2EE5C77E00C3BB48 /* Project object */;
}
