// !$*UTF8*$!
{
	archiveVersion = 1;
	classes = {
	};
	objectVersion = 77;
	objects = {

/* Begin PBXBuildFile section */
		134BFFA42EFD629700F1F444 /* BaseText.swift in Sources */ = {isa = PBXBuildFile; fileRef = 134BFFA32EFD629100F1F444 /* BaseText.swift */; };
		134BFFA82EFE33FD00F1F444 /* OnboardingTodoView.swift in Sources */ = {isa = PBXBuildFile; fileRef = 134BFFA72EFE33FD00F1F444 /* OnboardingTodoView.swift */; };
		134BFFAA2EFE857C00F1F444 /* OnboardingTimerView.swift in Sources */ = {isa = PBXBuildFile; fileRef = 134BFFA92EFE857C00F1F444 /* OnboardingTimerView.swift */; };
		134BFFAE2EFEBB0A00F1F444 /* TimerView.swift in Sources */ = {isa = PBXBuildFile; fileRef = 134BFFAD2EFEBB0A00F1F444 /* TimerView.swift */; };
		134BFFB02EFEBFAA00F1F444 /* TimerFeature.swift in Sources */ = {isa = PBXBuildFile; fileRef = 134BFFAF2EFEBFA700F1F444 /* TimerFeature.swift */; };
		134BFFB22F00EC6D00F1F444 /* OnboardingFinalView.swift in Sources */ = {isa = PBXBuildFile; fileRef = 134BFFB12F00EC6D00F1F444 /* OnboardingFinalView.swift */; };
		13A74D292EE5CB8100C3BB48 /* Assets.xcassets in Resources */ = {isa = PBXBuildFile; fileRef = 13A74D252EE5CB8100C3BB48 /* Assets.xcassets */; };
		13A74D2B2EE5CB8100C3BB48 /* HyperFocusApp.swift in Sources */ = {isa = PBXBuildFile; fileRef = 13A74D272EE5CB8100C3BB48 /* HyperFocusApp.swift */; };
		13A74D302EE5CC4C00C3BB48 /* ComposableArchitecture in Frameworks */ = {isa = PBXBuildFile; productRef = 13A74D2F2EE5CC4C00C3BB48 /* ComposableArchitecture */; };
		13A74D372EE5CCFC00C3BB48 /* AppDelegate.swift in Sources */ = {isa = PBXBuildFile; fileRef = 13A74D362EE5CCFC00C3BB48 /* AppDelegate.swift */; };
		13A74D392EE5CD0E00C3BB48 /* SceneDelegate.swift in Sources */ = {isa = PBXBuildFile; fileRef = 13A74D382EE5CD0E00C3BB48 /* SceneDelegate.swift */; };
		13AC3F4F2EF6EB9200CEDC69 /* Typography.swift in Sources */ = {isa = PBXBuildFile; fileRef = 13AC3F4E2EF6EB8200CEDC69 /* Typography.swift */; };
		13AC3F592EF6F68B00CEDC69 /* SplashView.swift in Sources */ = {isa = PBXBuildFile; fileRef = 13AC3F582EF6F68B00CEDC69 /* SplashView.swift */; };
		13AC3F5E2EF6FDC100CEDC69 /* Launch Screen.storyboard in Resources */ = {isa = PBXBuildFile; fileRef = 13AC3F5D2EF6FDC100CEDC69 /* Launch Screen.storyboard */; };
		13AC3F632EF6FF1800CEDC69 /* ComingSoon-Regular.ttf in Resources */ = {isa = PBXBuildFile; fileRef = 13AC3F602EF6FF1800CEDC69 /* ComingSoon-Regular.ttf */; };
		13AC3F642EF6FF1800CEDC69 /* LICENSE.txt in Resources */ = {isa = PBXBuildFile; fileRef = 13AC3F612EF6FF1800CEDC69 /* LICENSE.txt */; };
		13AC3F662EF6FF4A00CEDC69 /* Font+Extensions.swift in Sources */ = {isa = PBXBuildFile; fileRef = 13AC3F652EF6FF3E00CEDC69 /* Font+Extensions.swift */; };
		13AC3F692EF702E200CEDC69 /* AmbientZStack.swift in Sources */ = {isa = PBXBuildFile; fileRef = 13AC3F682EF702D600CEDC69 /* AmbientZStack.swift */; };
		13AC3F6B2EF7030000CEDC69 /* Colors+Extensions.swift in Sources */ = {isa = PBXBuildFile; fileRef = 13AC3F6A2EF702FB00CEDC69 /* Colors+Extensions.swift */; };
		13AC3F6E2EF7048200CEDC69 /* AmbientStyle.swift in Sources */ = {isa = PBXBuildFile; fileRef = 13AC3F6D2EF7047E00CEDC69 /* AmbientStyle.swift */; };
		13AC3F712EF707F800CEDC69 /* OnboardingView.swift in Sources */ = {isa = PBXBuildFile; fileRef = 13AC3F702EF707F800CEDC69 /* OnboardingView.swift */; };
		13AC3F732EF7080500CEDC69 /* OnboardingFeature.swift in Sources */ = {isa = PBXBuildFile; fileRef = 13AC3F722EF7080500CEDC69 /* OnboardingFeature.swift */; };
		13AC3F752EF7080C00CEDC69 /* SplashFeature.swift in Sources */ = {isa = PBXBuildFile; fileRef = 13AC3F742EF7080A00CEDC69 /* SplashFeature.swift */; };
		13AC3F792EF7090400CEDC69 /* AppView.swift in Sources */ = {isa = PBXBuildFile; fileRef = 13AC3F772EF7090400CEDC69 /* AppView.swift */; };
		13AC3F7A2EF7090400CEDC69 /* AppFeature.swift in Sources */ = {isa = PBXBuildFile; fileRef = 13AC3F762EF7090400CEDC69 /* AppFeature.swift */; };
/* End PBXBuildFile section */

/* Begin PBXFileReference section */
		134BFFA32EFD629100F1F444 /* BaseText.swift */ = {isa = PBXFileReference; lastKnownFileType = sourcecode.swift; path = BaseText.swift; sourceTree = "<group>"; };
		134BFFA72EFE33FD00F1F444 /* OnboardingTodoView.swift */ = {isa = PBXFileReference; lastKnownFileType = sourcecode.swift; path = OnboardingTodoView.swift; sourceTree = "<group>"; };
		134BFFA92EFE857C00F1F444 /* OnboardingTimerView.swift */ = {isa = PBXFileReference; lastKnownFileType = sourcecode.swift; path = OnboardingTimerView.swift; sourceTree = "<group>"; };
		134BFFAD2EFEBB0A00F1F444 /* TimerView.swift */ = {isa = PBXFileReference; lastKnownFileType = sourcecode.swift; path = TimerView.swift; sourceTree = "<group>"; };
		134BFFAF2EFEBFA700F1F444 /* TimerFeature.swift */ = {isa = PBXFileReference; lastKnownFileType = sourcecode.swift; path = TimerFeature.swift; sourceTree = "<group>"; };
		134BFFB12F00EC6D00F1F444 /* OnboardingFinalView.swift */ = {isa = PBXFileReference; lastKnownFileType = sourcecode.swift; path = OnboardingFinalView.swift; sourceTree = "<group>"; };
		13A74D162EE5C77E00C3BB48 /* HyperFocus.app */ = {isa = PBXFileReference; explicitFileType = wrapper.application; includeInIndex = 0; path = HyperFocus.app; sourceTree = BUILT_PRODUCTS_DIR; };
		13A74D252EE5CB8100C3BB48 /* Assets.xcassets */ = {isa = PBXFileReference; lastKnownFileType = folder.assetcatalog; path = Assets.xcassets; sourceTree = "<group>"; };
		13A74D272EE5CB8100C3BB48 /* HyperFocusApp.swift */ = {isa = PBXFileReference; lastKnownFileType = sourcecode.swift; path = HyperFocusApp.swift; sourceTree = "<group>"; };
		13A74D362EE5CCFC00C3BB48 /* AppDelegate.swift */ = {isa = PBXFileReference; lastKnownFileType = sourcecode.swift; path = AppDelegate.swift; sourceTree = "<group>"; };
		13A74D382EE5CD0E00C3BB48 /* SceneDelegate.swift */ = {isa = PBXFileReference; lastKnownFileType = sourcecode.swift; path = SceneDelegate.swift; sourceTree = "<group>"; };
		13A74D3F2EE5D2D800C3BB48 /* Info.plist */ = {isa = PBXFileReference; lastKnownFileType = text.plist; path = Info.plist; sourceTree = "<group>"; };
		13AC3F4E2EF6EB8200CEDC69 /* Typography.swift */ = {isa = PBXFileReference; lastKnownFileType = sourcecode.swift; path = Typography.swift; sourceTree = "<group>"; };
		13AC3F582EF6F68B00CEDC69 /* SplashView.swift */ = {isa = PBXFileReference; lastKnownFileType = sourcecode.swift; path = SplashView.swift; sourceTree = "<group>"; };
		13AC3F5D2EF6FDC100CEDC69 /* Launch Screen.storyboard */ = {isa = PBXFileReference; lastKnownFileType = file.storyboard; path = "Launch Screen.storyboard"; sourceTree = "<group>"; };
		13AC3F602EF6FF1800CEDC69 /* ComingSoon-Regular.ttf */ = {isa = PBXFileReference; lastKnownFileType = file; path = "ComingSoon-Regular.ttf"; sourceTree = "<group>"; };
		13AC3F612EF6FF1800CEDC69 /* LICENSE.txt */ = {isa = PBXFileReference; lastKnownFileType = text; path = LICENSE.txt; sourceTree = "<group>"; };
		13AC3F652EF6FF3E00CEDC69 /* Font+Extensions.swift */ = {isa = PBXFileReference; lastKnownFileType = sourcecode.swift; path = "Font+Extensions.swift"; sourceTree = "<group>"; };
		13AC3F682EF702D600CEDC69 /* AmbientZStack.swift */ = {isa = PBXFileReference; lastKnownFileType = sourcecode.swift; path = AmbientZStack.swift; sourceTree = "<group>"; };
		13AC3F6A2EF702FB00CEDC69 /* Colors+Extensions.swift */ = {isa = PBXFileReference; lastKnownFileType = sourcecode.swift; path = "Colors+Extensions.swift"; sourceTree = "<group>"; };
		13AC3F6D2EF7047E00CEDC69 /* AmbientStyle.swift */ = {isa = PBXFileReference; lastKnownFileType = sourcecode.swift; path = AmbientStyle.swift; sourceTree = "<group>"; };
		13AC3F702EF707F800CEDC69 /* OnboardingView.swift */ = {isa = PBXFileReference; lastKnownFileType = sourcecode.swift; path = OnboardingView.swift; sourceTree = "<group>"; };
		13AC3F722EF7080500CEDC69 /* OnboardingFeature.swift */ = {isa = PBXFileReference; lastKnownFileType = sourcecode.swift; path = OnboardingFeature.swift; sourceTree = "<group>"; };
		13AC3F742EF7080A00CEDC69 /* SplashFeature.swift */ = {isa = PBXFileReference; lastKnownFileType = sourcecode.swift; path = SplashFeature.swift; sourceTree = "<group>"; };
		13AC3F762EF7090400CEDC69 /* AppFeature.swift */ = {isa = PBXFileReference; lastKnownFileType = sourcecode.swift; path = AppFeature.swift; sourceTree = "<group>"; };
		13AC3F772EF7090400CEDC69 /* AppView.swift */ = {isa = PBXFileReference; lastKnownFileType = sourcecode.swift; path = AppView.swift; sourceTree = "<group>"; };
/* End PBXFileReference section */

/* Begin PBXFrameworksBuildPhase section */
		13A74D132EE5C77E00C3BB48 /* Frameworks */ = {
			isa = PBXFrameworksBuildPhase;
			buildActionMask = 2147483647;
			files = (
				13A74D302EE5CC4C00C3BB48 /* ComposableArchitecture in Frameworks */,
			);
			runOnlyForDeploymentPostprocessing = 0;
		};
/* End PBXFrameworksBuildPhase section */

/* Begin PBXGroup section */
		134BFFA12EFD628100F1F444 /* BaseFeature */ = {
			isa = PBXGroup;
			children = (
				134BFFAB2EFEBAEA00F1F444 /* Components */,
				134BFFA22EFD628700F1F444 /* Text */,
			);
			path = BaseFeature;
			sourceTree = "<group>";
		};
		134BFFA22EFD628700F1F444 /* Text */ = {
			isa = PBXGroup;
			children = (
				134BFFA32EFD629100F1F444 /* BaseText.swift */,
			);
			path = Text;
			sourceTree = "<group>";
		};
		134BFFAB2EFEBAEA00F1F444 /* Components */ = {
			isa = PBXGroup;
			children = (
				134BFFAC2EFEBAF000F1F444 /* Timer */,
			);
			path = Components;
			sourceTree = "<group>";
		};
		134BFFAC2EFEBAF000F1F444 /* Timer */ = {
			isa = PBXGroup;
			children = (
				134BFFAF2EFEBFA700F1F444 /* TimerFeature.swift */,
				134BFFAD2EFEBB0A00F1F444 /* TimerView.swift */,
			);
			path = Timer;
			sourceTree = "<group>";
		};
		134BFFB32F00F26200F1F444 /* Main */ = {
			isa = PBXGroup;
			children = (
			);
			path = Main;
			sourceTree = "<group>";
		};
		13A74D0D2EE5C77E00C3BB48 = {
			isa = PBXGroup;
			children = (
				13A74D282EE5CB8100C3BB48 /* HyperFocus */,
				13A74D172EE5C77E00C3BB48 /* Products */,
			);
			sourceTree = "<group>";
		};
		13A74D172EE5C77E00C3BB48 /* Products */ = {
			isa = PBXGroup;
			children = (
				13A74D162EE5C77E00C3BB48 /* HyperFocus.app */,
			);
			name = Products;
			sourceTree = "<group>";
		};
		13A74D282EE5CB8100C3BB48 /* HyperFocus */ = {
			isa = PBXGroup;
			children = (
				13A74D3F2EE5D2D800C3BB48 /* Info.plist */,
				13A74D352EE5CCAE00C3BB48 /* Application */,
				13AC3F4A2EF6EA5200CEDC69 /* Shared */,
				13A74D2C2EE5CB8B00C3BB48 /* Features */,
				13A74D252EE5CB8100C3BB48 /* Assets.xcassets */,
			);
			path = HyperFocus;
			sourceTree = "<group>";
		};
		13A74D2C2EE5CB8B00C3BB48 /* Features */ = {
			isa = PBXGroup;
			children = (
				134BFFB32F00F26200F1F444 /* Main */,
				134BFFA12EFD628100F1F444 /* BaseFeature */,
				13AC3F782EF7090400CEDC69 /* AppFeature */,
				13AC3F6F2EF707E900CEDC69 /* OnboardingFeature */,
				13AC3F572EF6F65B00CEDC69 /* SplashFeature */,
			);
			path = Features;
			sourceTree = "<group>";
		};
		13A74D352EE5CCAE00C3BB48 /* Application */ = {
			isa = PBXGroup;
			children = (
				13A74D272EE5CB8100C3BB48 /* HyperFocusApp.swift */,
				13A74D362EE5CCFC00C3BB48 /* AppDelegate.swift */,
				13A74D382EE5CD0E00C3BB48 /* SceneDelegate.swift */,
				13AC3F5D2EF6FDC100CEDC69 /* Launch Screen.storyboard */,
			);
			path = Application;
			sourceTree = "<group>";
		};
		13AC3F4A2EF6EA5200CEDC69 /* Shared */ = {
			isa = PBXGroup;
			children = (
				13AC3F4B2EF6EA7000CEDC69 /* DesignSystem */,
			);
			path = Shared;
			sourceTree = "<group>";
		};
		13AC3F4B2EF6EA7000CEDC69 /* DesignSystem */ = {
			isa = PBXGroup;
			children = (
				13AC3F6C2EF7042A00CEDC69 /* Ambient */,
				13AC3F672EF702CC00CEDC69 /* Colors */,
				13AC3F5F2EF6FF0C00CEDC69 /* Fonts */,
				13AC3F4E2EF6EB8200CEDC69 /* Typography.swift */,
			);
			path = DesignSystem;
			sourceTree = "<group>";
		};
		13AC3F572EF6F65B00CEDC69 /* SplashFeature */ = {
			isa = PBXGroup;
			children = (
				13AC3F582EF6F68B00CEDC69 /* SplashView.swift */,
				13AC3F742EF7080A00CEDC69 /* SplashFeature.swift */,
			);
			path = SplashFeature;
			sourceTree = "<group>";
		};
		13AC3F5F2EF6FF0C00CEDC69 /* Fonts */ = {
			isa = PBXGroup;
			children = (
				13AC3F652EF6FF3E00CEDC69 /* Font+Extensions.swift */,
				13AC3F622EF6FF1800CEDC69 /* ComingSoon */,
			);
			path = Fonts;
			sourceTree = "<group>";
		};
		13AC3F622EF6FF1800CEDC69 /* ComingSoon */ = {
			isa = PBXGroup;
			children = (
				13AC3F602EF6FF1800CEDC69 /* ComingSoon-Regular.ttf */,
				13AC3F612EF6FF1800CEDC69 /* LICENSE.txt */,
			);
			path = ComingSoon;
			sourceTree = "<group>";
		};
		13AC3F672EF702CC00CEDC69 /* Colors */ = {
			isa = PBXGroup;
			children = (
				13AC3F6A2EF702FB00CEDC69 /* Colors+Extensions.swift */,
			);
			path = Colors;
			sourceTree = "<group>";
		};
		13AC3F6C2EF7042A00CEDC69 /* Ambient */ = {
			isa = PBXGroup;
			children = (
				13AC3F682EF702D600CEDC69 /* AmbientZStack.swift */,
				13AC3F6D2EF7047E00CEDC69 /* AmbientStyle.swift */,
			);
			path = Ambient;
			sourceTree = "<group>";
		};
		13AC3F6F2EF707E900CEDC69 /* OnboardingFeature */ = {
			isa = PBXGroup;
			children = (
				13AC3F702EF707F800CEDC69 /* OnboardingView.swift */,
				134BFFA92EFE857C00F1F444 /* OnboardingTimerView.swift */,
				134BFFA72EFE33FD00F1F444 /* OnboardingTodoView.swift */,
				13AC3F722EF7080500CEDC69 /* OnboardingFeature.swift */,
				134BFFB12F00EC6D00F1F444 /* OnboardingFinalView.swift */,
			);
			path = OnboardingFeature;
			sourceTree = "<group>";
		};
		13AC3F782EF7090400CEDC69 /* AppFeature */ = {
			isa = PBXGroup;
			children = (
				13AC3F762EF7090400CEDC69 /* AppFeature.swift */,
				13AC3F772EF7090400CEDC69 /* AppView.swift */,
			);
			path = AppFeature;
			sourceTree = "<group>";
		};
/* End PBXGroup section */

/* Begin PBXNativeTarget section */
		13A74D152EE5C77E00C3BB48 /* HyperFocus */ = {
			isa = PBXNativeTarget;
			buildConfigurationList = 13A74D212EE5C78000C3BB48 /* Build configuration list for PBXNativeTarget "HyperFocus" */;
			buildPhases = (
				13A74D122EE5C77E00C3BB48 /* Sources */,
				13A74D132EE5C77E00C3BB48 /* Frameworks */,
				13A74D142EE5C77E00C3BB48 /* Resources */,
			);
			buildRules = (
			);
			dependencies = (
			);
			name = HyperFocus;
			packageProductDependencies = (
				13A74D2F2EE5CC4C00C3BB48 /* ComposableArchitecture */,
			);
			productName = HyperFocus;
			productReference = 13A74D162EE5C77E00C3BB48 /* HyperFocus.app */;
			productType = "com.apple.product-type.application";
		};
/* End PBXNativeTarget section */

/* Begin PBXProject section */
		13A74D0E2EE5C77E00C3BB48 /* Project object */ = {
			isa = PBXProject;
			attributes = {
				BuildIndependentTargetsInParallel = 1;
				LastSwiftUpdateCheck = 2610;
				LastUpgradeCheck = 2610;
				TargetAttributes = {
					13A74D152EE5C77E00C3BB48 = {
						CreatedOnToolsVersion = 26.1.1;
					};
				};
			};
			buildConfigurationList = 13A74D112EE5C77E00C3BB48 /* Build configuration list for PBXProject "HyperFocus" */;
			developmentRegion = en;
			hasScannedForEncodings = 0;
			knownRegions = (
				en,
				Base,
			);
			mainGroup = 13A74D0D2EE5C77E00C3BB48;
			minimizedProjectReferenceProxies = 1;
			packageReferences = (
				13A74D2E2EE5CC4C00C3BB48 /* XCRemoteSwiftPackageReference "swift-composable-architecture" */,
			);
			preferredProjectObjectVersion = 77;
			productRefGroup = 13A74D172EE5C77E00C3BB48 /* Products */;
			projectDirPath = "";
			projectRoot = "";
			targets = (
				13A74D152EE5C77E00C3BB48 /* HyperFocus */,
			);
		};
/* End PBXProject section */

/* Begin PBXResourcesBuildPhase section */
		13A74D142EE5C77E00C3BB48 /* Resources */ = {
			isa = PBXResourcesBuildPhase;
			buildActionMask = 2147483647;
			files = (
				13AC3F632EF6FF1800CEDC69 /* ComingSoon-Regular.ttf in Resources */,
				13AC3F642EF6FF1800CEDC69 /* LICENSE.txt in Resources */,
				13AC3F5E2EF6FDC100CEDC69 /* Launch Screen.storyboard in Resources */,
				13A74D292EE5CB8100C3BB48 /* Assets.xcassets in Resources */,
			);
			runOnlyForDeploymentPostprocessing = 0;
		};
/* End PBXResourcesBuildPhase section */

/* Begin PBXSourcesBuildPhase section */
		13A74D122EE5C77E00C3BB48 /* Sources */ = {
			isa = PBXSourcesBuildPhase;
			buildActionMask = 2147483647;
			files = (
				13AC3F6B2EF7030000CEDC69 /* Colors+Extensions.swift in Sources */,
				13A74D392EE5CD0E00C3BB48 /* SceneDelegate.swift in Sources */,
				13AC3F792EF7090400CEDC69 /* AppView.swift in Sources */,
				134BFFAA2EFE857C00F1F444 /* OnboardingTimerView.swift in Sources */,
				13AC3F7A2EF7090400CEDC69 /* AppFeature.swift in Sources */,
				134BFFA42EFD629700F1F444 /* BaseText.swift in Sources */,
				13AC3F732EF7080500CEDC69 /* OnboardingFeature.swift in Sources */,
				134BFFB02EFEBFAA00F1F444 /* TimerFeature.swift in Sources */,
				13A74D372EE5CCFC00C3BB48 /* AppDelegate.swift in Sources */,
				134BFFA82EFE33FD00F1F444 /* OnboardingTodoView.swift in Sources */,
				13AC3F712EF707F800CEDC69 /* OnboardingView.swift in Sources */,
				13AC3F692EF702E200CEDC69 /* AmbientZStack.swift in Sources */,
				13AC3F662EF6FF4A00CEDC69 /* Font+Extensions.swift in Sources */,
				13AC3F6E2EF7048200CEDC69 /* AmbientStyle.swift in Sources */,
				13A74D2B2EE5CB8100C3BB48 /* HyperFocusApp.swift in Sources */,
				13AC3F752EF7080C00CEDC69 /* SplashFeature.swift in Sources */,
				134BFFB22F00EC6D00F1F444 /* OnboardingFinalView.swift in Sources */,
				134BFFAE2EFEBB0A00F1F444 /* TimerView.swift in Sources */,
				13AC3F4F2EF6EB9200CEDC69 /* Typography.swift in Sources */,
				13AC3F592EF6F68B00CEDC69 /* SplashView.swift in Sources */,
			);
			runOnlyForDeploymentPostprocessing = 0;
		};
/* End PBXSourcesBuildPhase section */

/* Begin XCBuildConfiguration section */
		13A74D1F2EE5C78000C3BB48 /* Debug */ = {
			isa = XCBuildConfiguration;
			buildSettings = {
				ALWAYS_SEARCH_USER_PATHS = NO;
				ASSETCATALOG_COMPILER_GENERATE_SWIFT_ASSET_SYMBOL_EXTENSIONS = YES;
				CLANG_ANALYZER_NONNULL = YES;
				CLANG_ANALYZER_NUMBER_OBJECT_CONVERSION = YES_AGGRESSIVE;
				CLANG_CXX_LANGUAGE_STANDARD = "gnu++20";
				CLANG_ENABLE_MODULES = YES;
				CLANG_ENABLE_OBJC_ARC = YES;
				CLANG_ENABLE_OBJC_WEAK = YES;
				CLANG_WARN_BLOCK_CAPTURE_AUTORELEASING = YES;
				CLANG_WARN_BOOL_CONVERSION = YES;
				CLANG_WARN_COMMA = YES;
				CLANG_WARN_CONSTANT_CONVERSION = YES;
				CLANG_WARN_DEPRECATED_OBJC_IMPLEMENTATIONS = YES;
				CLANG_WARN_DIRECT_OBJC_ISA_USAGE = YES_ERROR;
				CLANG_WARN_DOCUMENTATION_COMMENTS = YES;
				CLANG_WARN_EMPTY_BODY = YES;
				CLANG_WARN_ENUM_CONVERSION = YES;
				CLANG_WARN_INFINITE_RECURSION = YES;
				CLANG_WARN_INT_CONVERSION = YES;
				CLANG_WARN_NON_LITERAL_NULL_CONVERSION = YES;
				CLANG_WARN_OBJC_IMPLICIT_RETAIN_SELF = YES;
				CLANG_WARN_OBJC_LITERAL_CONVERSION = YES;
				CLANG_WARN_OBJC_ROOT_CLASS = YES_ERROR;
				CLANG_WARN_QUOTED_INCLUDE_IN_FRAMEWORK_HEADER = YES;
				CLANG_WARN_RANGE_LOOP_ANALYSIS = YES;
				CLANG_WARN_STRICT_PROTOTYPES = YES;
				CLANG_WARN_SUSPICIOUS_MOVE = YES;
				CLANG_WARN_UNGUARDED_AVAILABILITY = YES_AGGRESSIVE;
				CLANG_WARN_UNREACHABLE_CODE = YES;
				CLANG_WARN__DUPLICATE_METHOD_MATCH = YES;
				COPY_PHASE_STRIP = NO;
				DEBUG_INFORMATION_FORMAT = dwarf;
				DEVELOPMENT_TEAM = B2V8LG7269;
				ENABLE_STRICT_OBJC_MSGSEND = YES;
				ENABLE_TESTABILITY = YES;
				ENABLE_USER_SCRIPT_SANDBOXING = YES;
				GCC_C_LANGUAGE_STANDARD = gnu17;
				GCC_DYNAMIC_NO_PIC = NO;
				GCC_NO_COMMON_BLOCKS = YES;
				GCC_OPTIMIZATION_LEVEL = 0;
				GCC_PREPROCESSOR_DEFINITIONS = (
					"DEBUG=1",
					"$(inherited)",
				);
				GCC_WARN_64_TO_32_BIT_CONVERSION = YES;
				GCC_WARN_ABOUT_RETURN_TYPE = YES_ERROR;
				GCC_WARN_UNDECLARED_SELECTOR = YES;
				GCC_WARN_UNINITIALIZED_AUTOS = YES_AGGRESSIVE;
				GCC_WARN_UNUSED_FUNCTION = YES;
				GCC_WARN_UNUSED_VARIABLE = YES;
				IPHONEOS_DEPLOYMENT_TARGET = 26.1;
				LOCALIZATION_PREFERS_STRING_CATALOGS = YES;
				MTL_ENABLE_DEBUG_INFO = INCLUDE_SOURCE;
				MTL_FAST_MATH = YES;
				ONLY_ACTIVE_ARCH = YES;
				SDKROOT = iphoneos;
				SWIFT_ACTIVE_COMPILATION_CONDITIONS = "DEBUG $(inherited)";
				SWIFT_OPTIMIZATION_LEVEL = "-Onone";
			};
			name = Debug;
		};
		13A74D202EE5C78000C3BB48 /* Release */ = {
			isa = XCBuildConfiguration;
			buildSettings = {
				ALWAYS_SEARCH_USER_PATHS = NO;
				ASSETCATALOG_COMPILER_GENERATE_SWIFT_ASSET_SYMBOL_EXTENSIONS = YES;
				CLANG_ANALYZER_NONNULL = YES;
				CLANG_ANALYZER_NUMBER_OBJECT_CONVERSION = YES_AGGRESSIVE;
				CLANG_CXX_LANGUAGE_STANDARD = "gnu++20";
				CLANG_ENABLE_MODULES = YES;
				CLANG_ENABLE_OBJC_ARC = YES;
				CLANG_ENABLE_OBJC_WEAK = YES;
				CLANG_WARN_BLOCK_CAPTURE_AUTORELEASING = YES;
				CLANG_WARN_BOOL_CONVERSION = YES;
				CLANG_WARN_COMMA = YES;
				CLANG_WARN_CONSTANT_CONVERSION = YES;
				CLANG_WARN_DEPRECATED_OBJC_IMPLEMENTATIONS = YES;
				CLANG_WARN_DIRECT_OBJC_ISA_USAGE = YES_ERROR;
				CLANG_WARN_DOCUMENTATION_COMMENTS = YES;
				CLANG_WARN_EMPTY_BODY = YES;
				CLANG_WARN_ENUM_CONVERSION = YES;
				CLANG_WARN_INFINITE_RECURSION = YES;
				CLANG_WARN_INT_CONVERSION = YES;
				CLANG_WARN_NON_LITERAL_NULL_CONVERSION = YES;
				CLANG_WARN_OBJC_IMPLICIT_RETAIN_SELF = YES;
				CLANG_WARN_OBJC_LITERAL_CONVERSION = YES;
				CLANG_WARN_OBJC_ROOT_CLASS = YES_ERROR;
				CLANG_WARN_QUOTED_INCLUDE_IN_FRAMEWORK_HEADER = YES;
				CLANG_WARN_RANGE_LOOP_ANALYSIS = YES;
				CLANG_WARN_STRICT_PROTOTYPES = YES;
				CLANG_WARN_SUSPICIOUS_MOVE = YES;
				CLANG_WARN_UNGUARDED_AVAILABILITY = YES_AGGRESSIVE;
				CLANG_WARN_UNREACHABLE_CODE = YES;
				CLANG_WARN__DUPLICATE_METHOD_MATCH = YES;
				COPY_PHASE_STRIP = NO;
				DEBUG_INFORMATION_FORMAT = "dwarf-with-dsym";
				DEVELOPMENT_TEAM = B2V8LG7269;
				ENABLE_NS_ASSERTIONS = NO;
				ENABLE_STRICT_OBJC_MSGSEND = YES;
				ENABLE_USER_SCRIPT_SANDBOXING = YES;
				GCC_C_LANGUAGE_STANDARD = gnu17;
				GCC_NO_COMMON_BLOCKS = YES;
				GCC_WARN_64_TO_32_BIT_CONVERSION = YES;
				GCC_WARN_ABOUT_RETURN_TYPE = YES_ERROR;
				GCC_WARN_UNDECLARED_SELECTOR = YES;
				GCC_WARN_UNINITIALIZED_AUTOS = YES_AGGRESSIVE;
				GCC_WARN_UNUSED_FUNCTION = YES;
				GCC_WARN_UNUSED_VARIABLE = YES;
				IPHONEOS_DEPLOYMENT_TARGET = 26.1;
				LOCALIZATION_PREFERS_STRING_CATALOGS = YES;
				MTL_ENABLE_DEBUG_INFO = NO;
				MTL_FAST_MATH = YES;
				SDKROOT = iphoneos;
				SWIFT_COMPILATION_MODE = wholemodule;
				VALIDATE_PRODUCT = YES;
			};
			name = Release;
		};
		13A74D222EE5C78000C3BB48 /* Debug */ = {
			isa = XCBuildConfiguration;
			buildSettings = {
				ASSETCATALOG_COMPILER_APPICON_NAME = AppIcon;
				ASSETCATALOG_COMPILER_GLOBAL_ACCENT_COLOR_NAME = AccentColor;
				CODE_SIGN_STYLE = Automatic;
				CURRENT_PROJECT_VERSION = 1;
				DEVELOPMENT_TEAM = B2V8LG7269;
				ENABLE_PREVIEWS = YES;
				GENERATE_INFOPLIST_FILE = YES;
				INFOPLIST_FILE = HyperFocus/Info.plist;
				INFOPLIST_KEY_UIApplicationSceneManifest_Generation = YES;
				INFOPLIST_KEY_UIApplicationSupportsIndirectInputEvents = YES;
				INFOPLIST_KEY_UILaunchStoryboardName = "Launch Screen";
				INFOPLIST_KEY_UISupportedInterfaceOrientations_iPad = "UIInterfaceOrientationPortrait UIInterfaceOrientationPortraitUpsideDown UIInterfaceOrientationLandscapeLeft UIInterfaceOrientationLandscapeRight";
				INFOPLIST_KEY_UISupportedInterfaceOrientations_iPhone = "UIInterfaceOrientationPortrait UIInterfaceOrientationLandscapeLeft UIInterfaceOrientationLandscapeRight";
				LD_RUNPATH_SEARCH_PATHS = (
					"$(inherited)",
					"@executable_path/Frameworks",
				);
				MARKETING_VERSION = 1.0;
				PRODUCT_BUNDLE_IDENTIFIER = com.hyperfocus.timer.HyperFocus;
				PRODUCT_NAME = "$(TARGET_NAME)";
				STRING_CATALOG_GENERATE_SYMBOLS = YES;
				SUPPORTED_PLATFORMS = "iphoneos iphonesimulator";
				SUPPORTS_MACCATALYST = NO;
				SUPPORTS_MAC_DESIGNED_FOR_IPHONE_IPAD = NO;
				SUPPORTS_XR_DESIGNED_FOR_IPHONE_IPAD = NO;
				SWIFT_APPROACHABLE_CONCURRENCY = YES;
				SWIFT_DEFAULT_ACTOR_ISOLATION = nonisolated;
				SWIFT_EMIT_LOC_STRINGS = YES;
				SWIFT_UPCOMING_FEATURE_MEMBER_IMPORT_VISIBILITY = YES;
				SWIFT_VERSION = 5.0;
				TARGETED_DEVICE_FAMILY = 1;
			};
			name = Debug;
		};
		13A74D232EE5C78000C3BB48 /* Release */ = {
			isa = XCBuildConfiguration;
			buildSettings = {
				ASSETCATALOG_COMPILER_APPICON_NAME = AppIcon;
				ASSETCATALOG_COMPILER_GLOBAL_ACCENT_COLOR_NAME = AccentColor;
				CODE_SIGN_STYLE = Automatic;
				CURRENT_PROJECT_VERSION = 1;
				DEVELOPMENT_TEAM = B2V8LG7269;
				ENABLE_PREVIEWS = YES;
				GENERATE_INFOPLIST_FILE = YES;
				INFOPLIST_FILE = HyperFocus/Info.plist;
				INFOPLIST_KEY_UIApplicationSceneManifest_Generation = YES;
				INFOPLIST_KEY_UIApplicationSupportsIndirectInputEvents = YES;
				INFOPLIST_KEY_UILaunchStoryboardName = "Launch Screen";
				INFOPLIST_KEY_UISupportedInterfaceOrientations_iPad = "UIInterfaceOrientationPortrait UIInterfaceOrientationPortraitUpsideDown UIInterfaceOrientationLandscapeLeft UIInterfaceOrientationLandscapeRight";
				INFOPLIST_KEY_UISupportedInterfaceOrientations_iPhone = "UIInterfaceOrientationPortrait UIInterfaceOrientationLandscapeLeft UIInterfaceOrientationLandscapeRight";
				LD_RUNPATH_SEARCH_PATHS = (
					"$(inherited)",
					"@executable_path/Frameworks",
				);
				MARKETING_VERSION = 1.0;
				PRODUCT_BUNDLE_IDENTIFIER = com.hyperfocus.timer.HyperFocus;
				PRODUCT_NAME = "$(TARGET_NAME)";
				STRING_CATALOG_GENERATE_SYMBOLS = YES;
				SUPPORTED_PLATFORMS = "iphoneos iphonesimulator";
				SUPPORTS_MACCATALYST = NO;
				SUPPORTS_MAC_DESIGNED_FOR_IPHONE_IPAD = NO;
				SUPPORTS_XR_DESIGNED_FOR_IPHONE_IPAD = NO;
				SWIFT_APPROACHABLE_CONCURRENCY = YES;
				SWIFT_DEFAULT_ACTOR_ISOLATION = nonisolated;
				SWIFT_EMIT_LOC_STRINGS = YES;
				SWIFT_UPCOMING_FEATURE_MEMBER_IMPORT_VISIBILITY = YES;
				SWIFT_VERSION = 5.0;
				TARGETED_DEVICE_FAMILY = 1;
			};
			name = Release;
		};
/* End XCBuildConfiguration section */

/* Begin XCConfigurationList section */
		13A74D112EE5C77E00C3BB48 /* Build configuration list for PBXProject "HyperFocus" */ = {
			isa = XCConfigurationList;
			buildConfigurations = (
				13A74D1F2EE5C78000C3BB48 /* Debug */,
				13A74D202EE5C78000C3BB48 /* Release */,
			);
			defaultConfigurationIsVisible = 0;
			defaultConfigurationName = Release;
		};
		13A74D212EE5C78000C3BB48 /* Build configuration list for PBXNativeTarget "HyperFocus" */ = {
			isa = XCConfigurationList;
			buildConfigurations = (
				13A74D222EE5C78000C3BB48 /* Debug */,
				13A74D232EE5C78000C3BB48 /* Release */,
			);
			defaultConfigurationIsVisible = 0;
			defaultConfigurationName = Release;
		};
/* End XCConfigurationList section */

/* Begin XCRemoteSwiftPackageReference section */
		13A74D2E2EE5CC4C00C3BB48 /* XCRemoteSwiftPackageReference "swift-composable-architecture" */ = {
			isa = XCRemoteSwiftPackageReference;
			repositoryURL = "https://github.com/pointfreeco/swift-composable-architecture";
			requirement = {
				kind = upToNextMajorVersion;
				minimumVersion = 1.23.1;
			};
		};
/* End XCRemoteSwiftPackageReference section */

/* Begin XCSwiftPackageProductDependency section */
		13A74D2F2EE5CC4C00C3BB48 /* ComposableArchitecture */ = {
			isa = XCSwiftPackageProductDependency;
			package = 13A74D2E2EE5CC4C00C3BB48 /* XCRemoteSwiftPackageReference "swift-composable-architecture" */;
			productName = ComposableArchitecture;
		};
/* End XCSwiftPackageProductDependency section */
	};
	rootObject = 13A74D0E2EE5C77E00C3BB48 /* Project object */;
}
